// !$*UTF8*$!
{
	archiveVersion = 1;
	classes = {
	};
	objectVersion = 51;
	objects = {

/* Begin PBXBuildFile section */
		34F6A06372FAB74F2F4E3E60 /* Pods_TASK_MovieApp.framework in Frameworks */ = {isa = PBXBuildFile; fileRef = 5C831FF8DBF5BA0E3568DE44 /* Pods_TASK_MovieApp.framework */; };
		6014640325669E7800F60FBF /* SavedMoviesOptions.swift in Sources */ = {isa = PBXBuildFile; fileRef = 6014640225669E7800F60FBF /* SavedMoviesOptions.swift */; };
		601464172567B69900F60FBF /* MovieListViewModel.swift in Sources */ = {isa = PBXBuildFile; fileRef = 601464162567B69900F60FBF /* MovieListViewModel.swift */; };
		601464292567E1A100F60FBF /* MovieDetailViewModel.swift in Sources */ = {isa = PBXBuildFile; fileRef = 601464282567E1A100F60FBF /* MovieDetailViewModel.swift */; };
		601464342567F71E00F60FBF /* MovieAPIManager.swift in Sources */ = {isa = PBXBuildFile; fileRef = 601464332567F71E00F60FBF /* MovieAPIManager.swift */; };
		6019C2342554A04E002141B0 /* Movie+CoreDataClass.swift in Sources */ = {isa = PBXBuildFile; fileRef = 6019C2322554A04E002141B0 /* Movie+CoreDataClass.swift */; };
		6023D1BE2592985B001E7ADB /* MovieListCollectionViewCell.swift in Sources */ = {isa = PBXBuildFile; fileRef = 6023D1BD2592985B001E7ADB /* MovieListCollectionViewCell.swift */; };
		6028260D254C20CF00DB3C3A /* AppDelegate.swift in Sources */ = {isa = PBXBuildFile; fileRef = 6028260C254C20CF00DB3C3A /* AppDelegate.swift */; };
		60282616254C20D000DB3C3A /* Assets.xcassets in Resources */ = {isa = PBXBuildFile; fileRef = 60282615254C20D000DB3C3A /* Assets.xcassets */; };
		60282619254C20D000DB3C3A /* LaunchScreen.storyboard in Resources */ = {isa = PBXBuildFile; fileRef = 60282617254C20D000DB3C3A /* LaunchScreen.storyboard */; };
		60282649254C21CC00DB3C3A /* MovieResponse.swift in Sources */ = {isa = PBXBuildFile; fileRef = 60282626254C21CC00DB3C3A /* MovieResponse.swift */; };
		6028264A254C21CC00DB3C3A /* Dates.swift in Sources */ = {isa = PBXBuildFile; fileRef = 60282627254C21CC00DB3C3A /* Dates.swift */; };
		6028264D254C21CC00DB3C3A /* UITableView+Extensions.swift in Sources */ = {isa = PBXBuildFile; fileRef = 6028262C254C21CC00DB3C3A /* UITableView+Extensions.swift */; };
		6028264E254C21CC00DB3C3A /* UITableViewCell+Extensions.swift in Sources */ = {isa = PBXBuildFile; fileRef = 6028262D254C21CC00DB3C3A /* UITableViewCell+Extensions.swift */; };
		6028264F254C21CC00DB3C3A /* UIViewController+Extensions.swift in Sources */ = {isa = PBXBuildFile; fileRef = 6028262E254C21CC00DB3C3A /* UIViewController+Extensions.swift */; };
		60282652254C21CC00DB3C3A /* ReusableView.swift in Sources */ = {isa = PBXBuildFile; fileRef = 60282632254C21CC00DB3C3A /* ReusableView.swift */; };
		60282653254C21CC00DB3C3A /* ShadeGradientOverlayView.swift in Sources */ = {isa = PBXBuildFile; fileRef = 60282634254C21CC00DB3C3A /* ShadeGradientOverlayView.swift */; };
		60282657254C21CC00DB3C3A /* MovieDetailViewController.swift in Sources */ = {isa = PBXBuildFile; fileRef = 6028263A254C21CC00DB3C3A /* MovieDetailViewController.swift */; };
		60282658254C21CC00DB3C3A /* QuoteCellMovieDetail.swift in Sources */ = {isa = PBXBuildFile; fileRef = 6028263C254C21CC00DB3C3A /* QuoteCellMovieDetail.swift */; };
		60282659254C21CC00DB3C3A /* TitleCellMovieDetail.swift in Sources */ = {isa = PBXBuildFile; fileRef = 6028263D254C21CC00DB3C3A /* TitleCellMovieDetail.swift */; };
		6028265A254C21CC00DB3C3A /* DescriptionCellMovieDetail.swift in Sources */ = {isa = PBXBuildFile; fileRef = 6028263E254C21CC00DB3C3A /* DescriptionCellMovieDetail.swift */; };
		6028265B254C21CC00DB3C3A /* ImageCellMovieDetail.swift in Sources */ = {isa = PBXBuildFile; fileRef = 6028263F254C21CC00DB3C3A /* ImageCellMovieDetail.swift */; };
		6028265C254C21CC00DB3C3A /* GenreCellMovieDetail.swift in Sources */ = {isa = PBXBuildFile; fileRef = 60282640254C21CC00DB3C3A /* GenreCellMovieDetail.swift */; };
		60282665254C22A000DB3C3A /* Constants.swift in Sources */ = {isa = PBXBuildFile; fileRef = 60282664254C22A000DB3C3A /* Constants.swift */; };
		60282670254C699D00DB3C3A /* Genre.swift in Sources */ = {isa = PBXBuildFile; fileRef = 6028266F254C699D00DB3C3A /* Genre.swift */; };
		60282686254C912800DB3C3A /* MovieResponseItem.swift in Sources */ = {isa = PBXBuildFile; fileRef = 60282685254C912800DB3C3A /* MovieResponseItem.swift */; };
		602CDC7D257ECFE90096C889 /* MovieAPIError.swift in Sources */ = {isa = PBXBuildFile; fileRef = 602CDC7C257ECFE90096C889 /* MovieAPIError.swift */; };
		604369A7256BAE8A00CB5CFF /* ButtonTapped.swift in Sources */ = {isa = PBXBuildFile; fileRef = 604369A6256BAE8A00CB5CFF /* ButtonTapped.swift */; };
		604369AD256BC51400CB5CFF /* SpinnerViewManager.swift in Sources */ = {isa = PBXBuildFile; fileRef = 604369AC256BC51400CB5CFF /* SpinnerViewManager.swift */; };
		604369B1256BD02C00CB5CFF /* SpinnerView.swift in Sources */ = {isa = PBXBuildFile; fileRef = 604369B0256BD02C00CB5CFF /* SpinnerView.swift */; };
		6044443E2551E0E500F6ADC2 /* CoreDataManager.swift in Sources */ = {isa = PBXBuildFile; fileRef = 6044443D2551E0E500F6ADC2 /* CoreDataManager.swift */; };
		60467FB6255DD05300348ACD /* UICollectionView+Extensions.swift in Sources */ = {isa = PBXBuildFile; fileRef = 60467FB5255DD05300348ACD /* UICollectionView+Extensions.swift */; };
		60467FBE255DD0DD00348ACD /* UICollectionViewCell+Extensions.swift in Sources */ = {isa = PBXBuildFile; fileRef = 60467FBD255DD0DD00348ACD /* UICollectionViewCell+Extensions.swift */; };
		604BC031255557DA00C47CA7 /* PreferenceType.swift in Sources */ = {isa = PBXBuildFile; fileRef = 604BC030255557DA00C47CA7 /* PreferenceType.swift */; };
		604F9CCA2565C18000AAE5FA /* ShadeGradientOverlayViewDirections.swift in Sources */ = {isa = PBXBuildFile; fileRef = 604F9CC92565C18000AAE5FA /* ShadeGradientOverlayViewDirections.swift */; };
		6058934725659ECE003681E6 /* MovieDetailsResponse.swift in Sources */ = {isa = PBXBuildFile; fileRef = 6058934625659ECE003681E6 /* MovieDetailsResponse.swift */; };
		605C508925543B93009D923F /* MovieListViewController.swift in Sources */ = {isa = PBXBuildFile; fileRef = 605C508825543B93009D923F /* MovieListViewController.swift */; };
		6064D569256B0BDA004CE578 /* UIImageView+Extensions.swift in Sources */ = {isa = PBXBuildFile; fileRef = 6064D568256B0BDA004CE578 /* UIImageView+Extensions.swift */; };
		6064E7B4259B9C7900E58156 /* CoordinatorType.swift in Sources */ = {isa = PBXBuildFile; fileRef = 6064E7B3259B9C7900E58156 /* CoordinatorType.swift */; };
		6064F5FA256D24E700239C5A /* MovieListWithPreferenceViewModel.swift in Sources */ = {isa = PBXBuildFile; fileRef = 6064F5F9256D24E700239C5A /* MovieListWithPreferenceViewModel.swift */; };
		606FD8062552AF8B00F5FBFF /* TASK-MovieApp.xcdatamodeld in Sources */ = {isa = PBXBuildFile; fileRef = 606FD8042552AF8B00F5FBFF /* TASK-MovieApp.xcdatamodeld */; };
		606FD8282552E1EC00F5FBFF /* FavouriteMoviesViewController.swift in Sources */ = {isa = PBXBuildFile; fileRef = 606FD8272552E1EC00F5FBFF /* FavouriteMoviesViewController.swift */; };
		606FD82B2552E20600F5FBFF /* WatchedMoviesViewController.swift in Sources */ = {isa = PBXBuildFile; fileRef = 606FD82A2552E20600F5FBFF /* WatchedMoviesViewController.swift */; };
		606FD82E2552E24A00F5FBFF /* MovieTabBarController.swift in Sources */ = {isa = PBXBuildFile; fileRef = 606FD82D2552E24A00F5FBFF /* MovieTabBarController.swift */; };
		60858755256521D200FCD5A1 /* MovieTableViewCell.swift in Sources */ = {isa = PBXBuildFile; fileRef = 60858754256521D200FCD5A1 /* MovieTableViewCell.swift */; };
		60A790DC25503CA0002F218F /* UIView+Extensions.swift in Sources */ = {isa = PBXBuildFile; fileRef = 60A790DB25503CA0002F218F /* UIView+Extensions.swift */; };
		60A790E125503EAC002F218F /* MovieDetailsRowType.swift in Sources */ = {isa = PBXBuildFile; fileRef = 60A790E025503EAC002F218F /* MovieDetailsRowType.swift */; };
		60AF5D392585235D00AE780F /* MovieRowItem.swift in Sources */ = {isa = PBXBuildFile; fileRef = 60AF5D382585235D00AE780F /* MovieRowItem.swift */; };
		60AF5D3C258523EF00AE780F /* RowUpdateState.swift in Sources */ = {isa = PBXBuildFile; fileRef = 60AF5D3B258523EF00AE780F /* RowUpdateState.swift */; };
		60B42C1D25744ADB0068306F /* RowItem.swift in Sources */ = {isa = PBXBuildFile; fileRef = 60B42C1C25744ADB0068306F /* RowItem.swift */; };
		60BEB0E82592712B004E111E /* SimilarMoviesCollectionViewCell.swift in Sources */ = {isa = PBXBuildFile; fileRef = 60BEB0E72592712B004E111E /* SimilarMoviesCollectionViewCell.swift */; };
		60DA76B1258A60FE0052F618 /* SimilarMoviesCellMovieDetail.swift in Sources */ = {isa = PBXBuildFile; fileRef = 60DA76B0258A60FE0052F618 /* SimilarMoviesCellMovieDetail.swift */; };
/* End PBXBuildFile section */

/* Begin PBXFileReference section */
		5443B676215104801A81731A /* Pods-TASK-MovieApp.debug.xcconfig */ = {isa = PBXFileReference; includeInIndex = 1; lastKnownFileType = text.xcconfig; name = "Pods-TASK-MovieApp.debug.xcconfig"; path = "Target Support Files/Pods-TASK-MovieApp/Pods-TASK-MovieApp.debug.xcconfig"; sourceTree = "<group>"; };
		5C831FF8DBF5BA0E3568DE44 /* Pods_TASK_MovieApp.framework */ = {isa = PBXFileReference; explicitFileType = wrapper.framework; includeInIndex = 0; path = Pods_TASK_MovieApp.framework; sourceTree = BUILT_PRODUCTS_DIR; };
		6014640225669E7800F60FBF /* SavedMoviesOptions.swift */ = {isa = PBXFileReference; lastKnownFileType = sourcecode.swift; path = SavedMoviesOptions.swift; sourceTree = "<group>"; };
		601464162567B69900F60FBF /* MovieListViewModel.swift */ = {isa = PBXFileReference; lastKnownFileType = sourcecode.swift; path = MovieListViewModel.swift; sourceTree = "<group>"; };
		601464282567E1A100F60FBF /* MovieDetailViewModel.swift */ = {isa = PBXFileReference; lastKnownFileType = sourcecode.swift; path = MovieDetailViewModel.swift; sourceTree = "<group>"; };
		601464332567F71E00F60FBF /* MovieAPIManager.swift */ = {isa = PBXFileReference; lastKnownFileType = sourcecode.swift; path = MovieAPIManager.swift; sourceTree = "<group>"; };
		6019C2322554A04E002141B0 /* Movie+CoreDataClass.swift */ = {isa = PBXFileReference; lastKnownFileType = sourcecode.swift; path = "Movie+CoreDataClass.swift"; sourceTree = "<group>"; };
		6023D1BD2592985B001E7ADB /* MovieListCollectionViewCell.swift */ = {isa = PBXFileReference; lastKnownFileType = sourcecode.swift; name = MovieListCollectionViewCell.swift; path = "TASK-MovieApp/NowPlayingTab/NowPlayingView/NowPlayingCells/MovieListCollectionViewCell.swift"; sourceTree = SOURCE_ROOT; };
		60282609254C20CF00DB3C3A /* TASK-MovieApp.app */ = {isa = PBXFileReference; explicitFileType = wrapper.application; includeInIndex = 0; path = "TASK-MovieApp.app"; sourceTree = BUILT_PRODUCTS_DIR; };
		6028260C254C20CF00DB3C3A /* AppDelegate.swift */ = {isa = PBXFileReference; lastKnownFileType = sourcecode.swift; path = AppDelegate.swift; sourceTree = "<group>"; };
		60282615254C20D000DB3C3A /* Assets.xcassets */ = {isa = PBXFileReference; lastKnownFileType = folder.assetcatalog; path = Assets.xcassets; sourceTree = "<group>"; };
		60282618254C20D000DB3C3A /* Base */ = {isa = PBXFileReference; lastKnownFileType = file.storyboard; name = Base; path = Base.lproj/LaunchScreen.storyboard; sourceTree = "<group>"; };
		6028261A254C20D000DB3C3A /* Info.plist */ = {isa = PBXFileReference; lastKnownFileType = text.plist.xml; path = Info.plist; sourceTree = "<group>"; };
		60282626254C21CC00DB3C3A /* MovieResponse.swift */ = {isa = PBXFileReference; fileEncoding = 4; lastKnownFileType = sourcecode.swift; path = MovieResponse.swift; sourceTree = "<group>"; };
		60282627254C21CC00DB3C3A /* Dates.swift */ = {isa = PBXFileReference; fileEncoding = 4; lastKnownFileType = sourcecode.swift; name = Dates.swift; path = "TASK-MovieApp/Common/CommonModels/Dates.swift"; sourceTree = SOURCE_ROOT; };
		6028262C254C21CC00DB3C3A /* UITableView+Extensions.swift */ = {isa = PBXFileReference; fileEncoding = 4; lastKnownFileType = sourcecode.swift; path = "UITableView+Extensions.swift"; sourceTree = "<group>"; };
		6028262D254C21CC00DB3C3A /* UITableViewCell+Extensions.swift */ = {isa = PBXFileReference; fileEncoding = 4; lastKnownFileType = sourcecode.swift; path = "UITableViewCell+Extensions.swift"; sourceTree = "<group>"; };
		6028262E254C21CC00DB3C3A /* UIViewController+Extensions.swift */ = {isa = PBXFileReference; fileEncoding = 4; lastKnownFileType = sourcecode.swift; name = "UIViewController+Extensions.swift"; path = "TASK-MovieApp/Common/Extensions/UIViewController+Extensions.swift"; sourceTree = SOURCE_ROOT; };
		60282632254C21CC00DB3C3A /* ReusableView.swift */ = {isa = PBXFileReference; fileEncoding = 4; lastKnownFileType = sourcecode.swift; path = ReusableView.swift; sourceTree = "<group>"; };
		60282634254C21CC00DB3C3A /* ShadeGradientOverlayView.swift */ = {isa = PBXFileReference; fileEncoding = 4; lastKnownFileType = sourcecode.swift; path = ShadeGradientOverlayView.swift; sourceTree = "<group>"; };
		6028263A254C21CC00DB3C3A /* MovieDetailViewController.swift */ = {isa = PBXFileReference; fileEncoding = 4; lastKnownFileType = sourcecode.swift; path = MovieDetailViewController.swift; sourceTree = "<group>"; };
		6028263C254C21CC00DB3C3A /* QuoteCellMovieDetail.swift */ = {isa = PBXFileReference; fileEncoding = 4; lastKnownFileType = sourcecode.swift; path = QuoteCellMovieDetail.swift; sourceTree = "<group>"; };
		6028263D254C21CC00DB3C3A /* TitleCellMovieDetail.swift */ = {isa = PBXFileReference; fileEncoding = 4; lastKnownFileType = sourcecode.swift; path = TitleCellMovieDetail.swift; sourceTree = "<group>"; };
		6028263E254C21CC00DB3C3A /* DescriptionCellMovieDetail.swift */ = {isa = PBXFileReference; fileEncoding = 4; lastKnownFileType = sourcecode.swift; path = DescriptionCellMovieDetail.swift; sourceTree = "<group>"; };
		6028263F254C21CC00DB3C3A /* ImageCellMovieDetail.swift */ = {isa = PBXFileReference; fileEncoding = 4; lastKnownFileType = sourcecode.swift; path = ImageCellMovieDetail.swift; sourceTree = "<group>"; };
		60282640254C21CC00DB3C3A /* GenreCellMovieDetail.swift */ = {isa = PBXFileReference; fileEncoding = 4; lastKnownFileType = sourcecode.swift; path = GenreCellMovieDetail.swift; sourceTree = "<group>"; };
		60282664254C22A000DB3C3A /* Constants.swift */ = {isa = PBXFileReference; lastKnownFileType = sourcecode.swift; path = Constants.swift; sourceTree = "<group>"; };
		6028266F254C699D00DB3C3A /* Genre.swift */ = {isa = PBXFileReference; lastKnownFileType = sourcecode.swift; name = Genre.swift; path = "TASK-MovieApp/Common/CommonModels/Genre.swift"; sourceTree = SOURCE_ROOT; };
		60282685254C912800DB3C3A /* MovieResponseItem.swift */ = {isa = PBXFileReference; lastKnownFileType = sourcecode.swift; path = MovieResponseItem.swift; sourceTree = "<group>"; };
		602CDC7C257ECFE90096C889 /* MovieAPIError.swift */ = {isa = PBXFileReference; lastKnownFileType = sourcecode.swift; path = MovieAPIError.swift; sourceTree = "<group>"; };
		604369A6256BAE8A00CB5CFF /* ButtonTapped.swift */ = {isa = PBXFileReference; lastKnownFileType = sourcecode.swift; path = ButtonTapped.swift; sourceTree = "<group>"; };
		604369AC256BC51400CB5CFF /* SpinnerViewManager.swift */ = {isa = PBXFileReference; lastKnownFileType = sourcecode.swift; name = SpinnerViewManager.swift; path = "TASK-MovieApp/Common/Spinner/SpinnerViewManager.swift"; sourceTree = SOURCE_ROOT; };
		604369B0256BD02C00CB5CFF /* SpinnerView.swift */ = {isa = PBXFileReference; lastKnownFileType = sourcecode.swift; name = SpinnerView.swift; path = "TASK-MovieApp/Common/Spinner/SpinnerView.swift"; sourceTree = SOURCE_ROOT; };
		6044443D2551E0E500F6ADC2 /* CoreDataManager.swift */ = {isa = PBXFileReference; lastKnownFileType = sourcecode.swift; name = CoreDataManager.swift; path = "TASK-MovieApp/Common/CoreData/CoreDataManager.swift"; sourceTree = SOURCE_ROOT; };
		60467FB5255DD05300348ACD /* UICollectionView+Extensions.swift */ = {isa = PBXFileReference; lastKnownFileType = sourcecode.swift; path = "UICollectionView+Extensions.swift"; sourceTree = "<group>"; };
		60467FBD255DD0DD00348ACD /* UICollectionViewCell+Extensions.swift */ = {isa = PBXFileReference; lastKnownFileType = sourcecode.swift; path = "UICollectionViewCell+Extensions.swift"; sourceTree = "<group>"; };
		604BC030255557DA00C47CA7 /* PreferenceType.swift */ = {isa = PBXFileReference; lastKnownFileType = sourcecode.swift; name = PreferenceType.swift; path = "TASK-MovieApp/Common/CommonModels/PreferenceType.swift"; sourceTree = SOURCE_ROOT; };
		604F9CC92565C18000AAE5FA /* ShadeGradientOverlayViewDirections.swift */ = {isa = PBXFileReference; lastKnownFileType = sourcecode.swift; path = ShadeGradientOverlayViewDirections.swift; sourceTree = "<group>"; };
		6058934625659ECE003681E6 /* MovieDetailsResponse.swift */ = {isa = PBXFileReference; lastKnownFileType = sourcecode.swift; name = MovieDetailsResponse.swift; path = "TASK-MovieApp/MovieDetailScreen/MovieDetailModels/MovieDetailsResponse.swift"; sourceTree = SOURCE_ROOT; };
		605C508825543B93009D923F /* MovieListViewController.swift */ = {isa = PBXFileReference; lastKnownFileType = sourcecode.swift; path = MovieListViewController.swift; sourceTree = "<group>"; };
		6064D568256B0BDA004CE578 /* UIImageView+Extensions.swift */ = {isa = PBXFileReference; lastKnownFileType = sourcecode.swift; path = "UIImageView+Extensions.swift"; sourceTree = "<group>"; };
		6064E7B3259B9C7900E58156 /* CoordinatorType.swift */ = {isa = PBXFileReference; lastKnownFileType = sourcecode.swift; path = CoordinatorType.swift; sourceTree = "<group>"; };
		6064F5F9256D24E700239C5A /* MovieListWithPreferenceViewModel.swift */ = {isa = PBXFileReference; lastKnownFileType = sourcecode.swift; name = MovieListWithPreferenceViewModel.swift; path = "TASK-MovieApp/Common/CommonClasses/MovieListWithPreferenceViewModel.swift"; sourceTree = SOURCE_ROOT; };
		606FD8052552AF8B00F5FBFF /* MovieCoreDataModel.xcdatamodel */ = {isa = PBXFileReference; lastKnownFileType = wrapper.xcdatamodel; path = MovieCoreDataModel.xcdatamodel; sourceTree = "<group>"; };
		606FD8272552E1EC00F5FBFF /* FavouriteMoviesViewController.swift */ = {isa = PBXFileReference; lastKnownFileType = sourcecode.swift; name = FavouriteMoviesViewController.swift; path = "TASK-MovieApp/FavouriteMoviesTab/FavouriteMoviesViewController.swift"; sourceTree = SOURCE_ROOT; };
		606FD82A2552E20600F5FBFF /* WatchedMoviesViewController.swift */ = {isa = PBXFileReference; lastKnownFileType = sourcecode.swift; path = WatchedMoviesViewController.swift; sourceTree = "<group>"; };
		606FD82D2552E24A00F5FBFF /* MovieTabBarController.swift */ = {isa = PBXFileReference; lastKnownFileType = sourcecode.swift; name = MovieTabBarController.swift; path = "TASK-MovieApp/HomeScreen/MovieTabBarController.swift"; sourceTree = SOURCE_ROOT; };
		60858754256521D200FCD5A1 /* MovieTableViewCell.swift */ = {isa = PBXFileReference; lastKnownFileType = sourcecode.swift; path = MovieTableViewCell.swift; sourceTree = "<group>"; };
		60A790DB25503CA0002F218F /* UIView+Extensions.swift */ = {isa = PBXFileReference; fileEncoding = 4; lastKnownFileType = sourcecode.swift; name = "UIView+Extensions.swift"; path = "TASK-MovieApp/Common/Extensions/UIView+Extensions.swift"; sourceTree = SOURCE_ROOT; };
		60A790E025503EAC002F218F /* MovieDetailsRowType.swift */ = {isa = PBXFileReference; lastKnownFileType = sourcecode.swift; name = MovieDetailsRowType.swift; path = "TASK-MovieApp/MovieDetailScreen/MovieDetailModels/MovieDetailsRowType.swift"; sourceTree = SOURCE_ROOT; };
		60AF5D382585235D00AE780F /* MovieRowItem.swift */ = {isa = PBXFileReference; lastKnownFileType = sourcecode.swift; name = MovieRowItem.swift; path = "TASK-MovieApp/NowPlayingTab/NowPlayingModels/MovieRowItem.swift"; sourceTree = SOURCE_ROOT; };
		60AF5D3B258523EF00AE780F /* RowUpdateState.swift */ = {isa = PBXFileReference; lastKnownFileType = sourcecode.swift; path = RowUpdateState.swift; sourceTree = "<group>"; };
		60B42C1C25744ADB0068306F /* RowItem.swift */ = {isa = PBXFileReference; lastKnownFileType = sourcecode.swift; path = RowItem.swift; sourceTree = "<group>"; };
		60BEB0E72592712B004E111E /* SimilarMoviesCollectionViewCell.swift */ = {isa = PBXFileReference; lastKnownFileType = sourcecode.swift; path = SimilarMoviesCollectionViewCell.swift; sourceTree = "<group>"; };
		60DA76B0258A60FE0052F618 /* SimilarMoviesCellMovieDetail.swift */ = {isa = PBXFileReference; lastKnownFileType = sourcecode.swift; name = SimilarMoviesCellMovieDetail.swift; path = "TASK-MovieApp/MovieDetailScreen/MovieDetailView/MovieDetailCells/SimilarMoviesCellMovieDetail.swift"; sourceTree = SOURCE_ROOT; };
		6722B3F6A7F5703D483BA3CC /* Pods-TASK-MovieApp.release.xcconfig */ = {isa = PBXFileReference; includeInIndex = 1; lastKnownFileType = text.xcconfig; name = "Pods-TASK-MovieApp.release.xcconfig"; path = "Target Support Files/Pods-TASK-MovieApp/Pods-TASK-MovieApp.release.xcconfig"; sourceTree = "<group>"; };
/* End PBXFileReference section */

/* Begin PBXFrameworksBuildPhase section */
		60282606254C20CF00DB3C3A /* Frameworks */ = {
			isa = PBXFrameworksBuildPhase;
			buildActionMask = 2147483647;
			files = (
				34F6A06372FAB74F2F4E3E60 /* Pods_TASK_MovieApp.framework in Frameworks */,
			);
			runOnlyForDeploymentPostprocessing = 0;
		};
/* End PBXFrameworksBuildPhase section */

/* Begin PBXGroup section */
		601464322567F6E600F60FBF /* Networking */ = {
			isa = PBXGroup;
			children = (
				601464332567F71E00F60FBF /* MovieAPIManager.swift */,
			);
			path = Networking;
			sourceTree = "<group>";
		};
		6019C1D825545BD6002141B0 /* WatchedMoviesTab */ = {
			isa = PBXGroup;
			children = (
				606FD82A2552E20600F5FBFF /* WatchedMoviesViewController.swift */,
			);
			path = WatchedMoviesTab;
			sourceTree = "<group>";
		};
		6023D1BB25929832001E7ADB /* NowPlayingCells */ = {
			isa = PBXGroup;
			children = (
				6023D1BD2592985B001E7ADB /* MovieListCollectionViewCell.swift */,
			);
			path = NowPlayingCells;
			sourceTree = "<group>";
		};
		60282600254C20CF00DB3C3A = {
			isa = PBXGroup;
			children = (
				6028260B254C20CF00DB3C3A /* TASK-MovieApp */,
				6028260A254C20CF00DB3C3A /* Products */,
				8DBCED51C9C937D226DD25CF /* Pods */,
				9C0FD233FBEA82C7798C6D69 /* Frameworks */,
			);
			sourceTree = "<group>";
		};
		6028260A254C20CF00DB3C3A /* Products */ = {
			isa = PBXGroup;
			children = (
				60282609254C20CF00DB3C3A /* TASK-MovieApp.app */,
			);
			name = Products;
			sourceTree = "<group>";
		};
		6028260B254C20CF00DB3C3A /* TASK-MovieApp */ = {
			isa = PBXGroup;
			children = (
				607CBFA125820D0A00AE5B7B /* HomeScreen */,
				607CBFDB25821D6000AE5B7B /* NowPlayingTab */,
				60282638254C21CC00DB3C3A /* MovieDetailScreen */,
				6019C1D825545BD6002141B0 /* WatchedMoviesTab */,
				607CBFAB25820E3300AE5B7B /* FavouriteMoviesTab */,
				60282623254C21CC00DB3C3A /* Common */,
				60282661254C21D400DB3C3A /* Support */,
			);
			path = "TASK-MovieApp";
			sourceTree = "<group>";
		};
		60282623254C21CC00DB3C3A /* Common */ = {
			isa = PBXGroup;
			children = (
				60AC47832590D52800494112 /* CommonClasses */,
				607CBFB02582124E00AE5B7B /* CommonModels */,
				607CBFB5258212C000AE5B7B /* CommonCustomViews */,
				607CBFB4258212AC00AE5B7B /* CommonProtocols */,
				607CBFB32582128F00AE5B7B /* Constants */,
				607CBFB22582127C00AE5B7B /* Spinner */,
				601464322567F6E600F60FBF /* Networking */,
				606FD81E2552BDBC00F5FBFF /* CoreData */,
				6028262A254C21CC00DB3C3A /* Extensions */,
			);
			path = Common;
			sourceTree = "<group>";
		};
		6028262A254C21CC00DB3C3A /* Extensions */ = {
			isa = PBXGroup;
			children = (
				60A790DB25503CA0002F218F /* UIView+Extensions.swift */,
				6028262C254C21CC00DB3C3A /* UITableView+Extensions.swift */,
				6028262D254C21CC00DB3C3A /* UITableViewCell+Extensions.swift */,
				60467FB5255DD05300348ACD /* UICollectionView+Extensions.swift */,
				60467FBD255DD0DD00348ACD /* UICollectionViewCell+Extensions.swift */,
				6028262E254C21CC00DB3C3A /* UIViewController+Extensions.swift */,
				6064D568256B0BDA004CE578 /* UIImageView+Extensions.swift */,
			);
			path = Extensions;
			sourceTree = "<group>";
		};
		60282638254C21CC00DB3C3A /* MovieDetailScreen */ = {
			isa = PBXGroup;
			children = (
				607CBFCD2582145700AE5B7B /* MovieDetailView */,
				607CBFCE2582147500AE5B7B /* MovieDetailViewModel */,
				607CBFCF2582148500AE5B7B /* MovieDetailModels */,
			);
			path = MovieDetailScreen;
			sourceTree = "<group>";
		};
		60282661254C21D400DB3C3A /* Support */ = {
			isa = PBXGroup;
			children = (
				6028260C254C20CF00DB3C3A /* AppDelegate.swift */,
				60282615254C20D000DB3C3A /* Assets.xcassets */,
				60282617254C20D000DB3C3A /* LaunchScreen.storyboard */,
				6028261A254C20D000DB3C3A /* Info.plist */,
				606FD8042552AF8B00F5FBFF /* TASK-MovieApp.xcdatamodeld */,
			);
			path = Support;
			sourceTree = "<group>";
		};
		606FD81E2552BDBC00F5FBFF /* CoreData */ = {
			isa = PBXGroup;
			children = (
				6019C2322554A04E002141B0 /* Movie+CoreDataClass.swift */,
				6044443D2551E0E500F6ADC2 /* CoreDataManager.swift */,
				6014640225669E7800F60FBF /* SavedMoviesOptions.swift */,
			);
			path = CoreData;
			sourceTree = "<group>";
		};
		607CBFA125820D0A00AE5B7B /* HomeScreen */ = {
			isa = PBXGroup;
			children = (
				606FD82D2552E24A00F5FBFF /* MovieTabBarController.swift */,
			);
			path = HomeScreen;
			sourceTree = "<group>";
		};
		607CBFAB25820E3300AE5B7B /* FavouriteMoviesTab */ = {
			isa = PBXGroup;
			children = (
				606FD8272552E1EC00F5FBFF /* FavouriteMoviesViewController.swift */,
			);
			path = FavouriteMoviesTab;
			sourceTree = "<group>";
		};
		607CBFAE258211ED00AE5B7B /* NowPlayingView */ = {
			isa = PBXGroup;
			children = (
				605C508825543B93009D923F /* MovieListViewController.swift */,
				6023D1BB25929832001E7ADB /* NowPlayingCells */,
			);
			path = NowPlayingView;
			sourceTree = "<group>";
		};
		607CBFB02582124E00AE5B7B /* CommonModels */ = {
			isa = PBXGroup;
			children = (
				60282626254C21CC00DB3C3A /* MovieResponse.swift */,
				60282685254C912800DB3C3A /* MovieResponseItem.swift */,
				604BC030255557DA00C47CA7 /* PreferenceType.swift */,
				60282627254C21CC00DB3C3A /* Dates.swift */,
				6028266F254C699D00DB3C3A /* Genre.swift */,
				604F9CC92565C18000AAE5FA /* ShadeGradientOverlayViewDirections.swift */,
				60B42C1C25744ADB0068306F /* RowItem.swift */,
				602CDC7C257ECFE90096C889 /* MovieAPIError.swift */,
				60AF5D3B258523EF00AE780F /* RowUpdateState.swift */,
				6064E7B3259B9C7900E58156 /* CoordinatorType.swift */,
			);
			path = CommonModels;
			sourceTree = "<group>";
		};
		607CBFB22582127C00AE5B7B /* Spinner */ = {
			isa = PBXGroup;
			children = (
				604369B0256BD02C00CB5CFF /* SpinnerView.swift */,
				604369AC256BC51400CB5CFF /* SpinnerViewManager.swift */,
			);
			path = Spinner;
			sourceTree = "<group>";
		};
		607CBFB32582128F00AE5B7B /* Constants */ = {
			isa = PBXGroup;
			children = (
				60282664254C22A000DB3C3A /* Constants.swift */,
			);
			path = Constants;
			sourceTree = "<group>";
		};
		607CBFB4258212AC00AE5B7B /* CommonProtocols */ = {
			isa = PBXGroup;
			children = (
				60282632254C21CC00DB3C3A /* ReusableView.swift */,
				604369A6256BAE8A00CB5CFF /* ButtonTapped.swift */,
			);
			path = CommonProtocols;
			sourceTree = "<group>";
		};
		607CBFB5258212C000AE5B7B /* CommonCustomViews */ = {
			isa = PBXGroup;
			children = (
				60282634254C21CC00DB3C3A /* ShadeGradientOverlayView.swift */,
				60858754256521D200FCD5A1 /* MovieTableViewCell.swift */,
			);
			path = CommonCustomViews;
			sourceTree = "<group>";
		};
		607CBFBF258213F200AE5B7B /* NowPlayingViewModel */ = {
			isa = PBXGroup;
			children = (
				601464162567B69900F60FBF /* MovieListViewModel.swift */,
			);
			path = NowPlayingViewModel;
			sourceTree = "<group>";
		};
		607CBFC0258213F500AE5B7B /* NowPlayingModels */ = {
			isa = PBXGroup;
			children = (
				60AF5D382585235D00AE780F /* MovieRowItem.swift */,
			);
			path = NowPlayingModels;
			sourceTree = "<group>";
		};
		607CBFCD2582145700AE5B7B /* MovieDetailView */ = {
			isa = PBXGroup;
			children = (
				6028263A254C21CC00DB3C3A /* MovieDetailViewController.swift */,
				608EFB9F2588DEB80056EE42 /* MovieDetailCells */,
			);
			path = MovieDetailView;
			sourceTree = "<group>";
		};
		607CBFCE2582147500AE5B7B /* MovieDetailViewModel */ = {
			isa = PBXGroup;
			children = (
				601464282567E1A100F60FBF /* MovieDetailViewModel.swift */,
			);
			path = MovieDetailViewModel;
			sourceTree = "<group>";
		};
		607CBFCF2582148500AE5B7B /* MovieDetailModels */ = {
			isa = PBXGroup;
			children = (
				60A790E025503EAC002F218F /* MovieDetailsRowType.swift */,
				6058934625659ECE003681E6 /* MovieDetailsResponse.swift */,
			);
			path = MovieDetailModels;
			sourceTree = "<group>";
		};
		607CBFDB25821D6000AE5B7B /* NowPlayingTab */ = {
			isa = PBXGroup;
			children = (
				607CBFAE258211ED00AE5B7B /* NowPlayingView */,
				607CBFBF258213F200AE5B7B /* NowPlayingViewModel */,
				607CBFC0258213F500AE5B7B /* NowPlayingModels */,
			);
			path = NowPlayingTab;
			sourceTree = "<group>";
		};
		608EFB9F2588DEB80056EE42 /* MovieDetailCells */ = {
			isa = PBXGroup;
			children = (
				6028263F254C21CC00DB3C3A /* ImageCellMovieDetail.swift */,
				6028263D254C21CC00DB3C3A /* TitleCellMovieDetail.swift */,
				60282640254C21CC00DB3C3A /* GenreCellMovieDetail.swift */,
				6028263C254C21CC00DB3C3A /* QuoteCellMovieDetail.swift */,
				6028263E254C21CC00DB3C3A /* DescriptionCellMovieDetail.swift */,
				60DA76B0258A60FE0052F618 /* SimilarMoviesCellMovieDetail.swift */,
				60BEB0E72592712B004E111E /* SimilarMoviesCollectionViewCell.swift */,
			);
			path = MovieDetailCells;
			sourceTree = "<group>";
		};
		60AC47832590D52800494112 /* CommonClasses */ = {
			isa = PBXGroup;
			children = (
				6064F5F9256D24E700239C5A /* MovieListWithPreferenceViewModel.swift */,
			);
			path = CommonClasses;
			sourceTree = "<group>";
		};
		8DBCED51C9C937D226DD25CF /* Pods */ = {
			isa = PBXGroup;
			children = (
				5443B676215104801A81731A /* Pods-TASK-MovieApp.debug.xcconfig */,
				6722B3F6A7F5703D483BA3CC /* Pods-TASK-MovieApp.release.xcconfig */,
			);
			path = Pods;
			sourceTree = "<group>";
		};
		9C0FD233FBEA82C7798C6D69 /* Frameworks */ = {
			isa = PBXGroup;
			children = (
				5C831FF8DBF5BA0E3568DE44 /* Pods_TASK_MovieApp.framework */,
			);
			name = Frameworks;
			sourceTree = "<group>";
		};
/* End PBXGroup section */

/* Begin PBXNativeTarget section */
		60282608254C20CF00DB3C3A /* TASK-MovieApp */ = {
			isa = PBXNativeTarget;
			buildConfigurationList = 6028261D254C20D000DB3C3A /* Build configuration list for PBXNativeTarget "TASK-MovieApp" */;
			buildPhases = (
				F107F56EA868B664A7CDDDB5 /* [CP] Check Pods Manifest.lock */,
				60282605254C20CF00DB3C3A /* Sources */,
				60282606254C20CF00DB3C3A /* Frameworks */,
				60282607254C20CF00DB3C3A /* Resources */,
				E40961D7836162796C5C3383 /* [CP] Embed Pods Frameworks */,
			);
			buildRules = (
			);
			dependencies = (
			);
			name = "TASK-MovieApp";
			productName = "TASK-MovieApp";
			productReference = 60282609254C20CF00DB3C3A /* TASK-MovieApp.app */;
			productType = "com.apple.product-type.application";
		};
/* End PBXNativeTarget section */

/* Begin PBXProject section */
		60282601254C20CF00DB3C3A /* Project object */ = {
			isa = PBXProject;
			attributes = {
				LastSwiftUpdateCheck = 1210;
				LastUpgradeCheck = 1210;
				TargetAttributes = {
					60282608254C20CF00DB3C3A = {
						CreatedOnToolsVersion = 12.1;
					};
				};
			};
			buildConfigurationList = 60282604254C20CF00DB3C3A /* Build configuration list for PBXProject "TASK-MovieApp" */;
			compatibilityVersion = "Xcode 9.3";
			developmentRegion = en;
			hasScannedForEncodings = 0;
			knownRegions = (
				en,
				Base,
			);
			mainGroup = 60282600254C20CF00DB3C3A;
			productRefGroup = 6028260A254C20CF00DB3C3A /* Products */;
			projectDirPath = "";
			projectRoot = "";
			targets = (
				60282608254C20CF00DB3C3A /* TASK-MovieApp */,
			);
		};
/* End PBXProject section */

/* Begin PBXResourcesBuildPhase section */
		60282607254C20CF00DB3C3A /* Resources */ = {
			isa = PBXResourcesBuildPhase;
			buildActionMask = 2147483647;
			files = (
				60282619254C20D000DB3C3A /* LaunchScreen.storyboard in Resources */,
				60282616254C20D000DB3C3A /* Assets.xcassets in Resources */,
			);
			runOnlyForDeploymentPostprocessing = 0;
		};
/* End PBXResourcesBuildPhase section */

/* Begin PBXShellScriptBuildPhase section */
		E40961D7836162796C5C3383 /* [CP] Embed Pods Frameworks */ = {
			isa = PBXShellScriptBuildPhase;
			buildActionMask = 2147483647;
			files = (
			);
			inputFileListPaths = (
				"${PODS_ROOT}/Target Support Files/Pods-TASK-MovieApp/Pods-TASK-MovieApp-frameworks-${CONFIGURATION}-input-files.xcfilelist",
			);
			name = "[CP] Embed Pods Frameworks";
			outputFileListPaths = (
				"${PODS_ROOT}/Target Support Files/Pods-TASK-MovieApp/Pods-TASK-MovieApp-frameworks-${CONFIGURATION}-output-files.xcfilelist",
			);
			runOnlyForDeploymentPostprocessing = 0;
			shellPath = /bin/sh;
			shellScript = "\"${PODS_ROOT}/Target Support Files/Pods-TASK-MovieApp/Pods-TASK-MovieApp-frameworks.sh\"\n";
			showEnvVarsInLog = 0;
		};
		F107F56EA868B664A7CDDDB5 /* [CP] Check Pods Manifest.lock */ = {
			isa = PBXShellScriptBuildPhase;
			buildActionMask = 2147483647;
			files = (
			);
			inputFileListPaths = (
			);
			inputPaths = (
				"${PODS_PODFILE_DIR_PATH}/Podfile.lock",
				"${PODS_ROOT}/Manifest.lock",
			);
			name = "[CP] Check Pods Manifest.lock";
			outputFileListPaths = (
			);
			outputPaths = (
				"$(DERIVED_FILE_DIR)/Pods-TASK-MovieApp-checkManifestLockResult.txt",
			);
			runOnlyForDeploymentPostprocessing = 0;
			shellPath = /bin/sh;
			shellScript = "diff \"${PODS_PODFILE_DIR_PATH}/Podfile.lock\" \"${PODS_ROOT}/Manifest.lock\" > /dev/null\nif [ $? != 0 ] ; then\n    # print error to STDERR\n    echo \"error: The sandbox is not in sync with the Podfile.lock. Run 'pod install' or update your CocoaPods installation.\" >&2\n    exit 1\nfi\n# This output is used by Xcode 'outputs' to avoid re-running this script phase.\necho \"SUCCESS\" > \"${SCRIPT_OUTPUT_FILE_0}\"\n";
			showEnvVarsInLog = 0;
		};
/* End PBXShellScriptBuildPhase section */

/* Begin PBXSourcesBuildPhase section */
		60282605254C20CF00DB3C3A /* Sources */ = {
			isa = PBXSourcesBuildPhase;
			buildActionMask = 2147483647;
			files = (
				60858755256521D200FCD5A1 /* MovieTableViewCell.swift in Sources */,
				6028264A254C21CC00DB3C3A /* Dates.swift in Sources */,
				602CDC7D257ECFE90096C889 /* MovieAPIError.swift in Sources */,
				604BC031255557DA00C47CA7 /* PreferenceType.swift in Sources */,
				6058934725659ECE003681E6 /* MovieDetailsResponse.swift in Sources */,
				604369AD256BC51400CB5CFF /* SpinnerViewManager.swift in Sources */,
				6064F5FA256D24E700239C5A /* MovieListWithPreferenceViewModel.swift in Sources */,
				60467FB6255DD05300348ACD /* UICollectionView+Extensions.swift in Sources */,
				6014640325669E7800F60FBF /* SavedMoviesOptions.swift in Sources */,
				6028264F254C21CC00DB3C3A /* UIViewController+Extensions.swift in Sources */,
				60B42C1D25744ADB0068306F /* RowItem.swift in Sources */,
				60282658254C21CC00DB3C3A /* QuoteCellMovieDetail.swift in Sources */,
				60A790DC25503CA0002F218F /* UIView+Extensions.swift in Sources */,
				6023D1BE2592985B001E7ADB /* MovieListCollectionViewCell.swift in Sources */,
				604F9CCA2565C18000AAE5FA /* ShadeGradientOverlayViewDirections.swift in Sources */,
				60282665254C22A000DB3C3A /* Constants.swift in Sources */,
				60A790E125503EAC002F218F /* MovieDetailsRowType.swift in Sources */,
				60AF5D392585235D00AE780F /* MovieRowItem.swift in Sources */,
				60AF5D3C258523EF00AE780F /* RowUpdateState.swift in Sources */,
				6028260D254C20CF00DB3C3A /* AppDelegate.swift in Sources */,
				6028264E254C21CC00DB3C3A /* UITableViewCell+Extensions.swift in Sources */,
				606FD82E2552E24A00F5FBFF /* MovieTabBarController.swift in Sources */,
				60282652254C21CC00DB3C3A /* ReusableView.swift in Sources */,
				60282686254C912800DB3C3A /* MovieResponseItem.swift in Sources */,
				606FD82B2552E20600F5FBFF /* WatchedMoviesViewController.swift in Sources */,
				605C508925543B93009D923F /* MovieListViewController.swift in Sources */,
				604369A7256BAE8A00CB5CFF /* ButtonTapped.swift in Sources */,
				60BEB0E82592712B004E111E /* SimilarMoviesCollectionViewCell.swift in Sources */,
				6064E7B4259B9C7900E58156 /* CoordinatorType.swift in Sources */,
				6019C2342554A04E002141B0 /* Movie+CoreDataClass.swift in Sources */,
				6064D569256B0BDA004CE578 /* UIImageView+Extensions.swift in Sources */,
				6028264D254C21CC00DB3C3A /* UITableView+Extensions.swift in Sources */,
				601464292567E1A100F60FBF /* MovieDetailViewModel.swift in Sources */,
				606FD8062552AF8B00F5FBFF /* TASK-MovieApp.xcdatamodeld in Sources */,
				6044443E2551E0E500F6ADC2 /* CoreDataManager.swift in Sources */,
				606FD8282552E1EC00F5FBFF /* FavouriteMoviesViewController.swift in Sources */,
				6028265A254C21CC00DB3C3A /* DescriptionCellMovieDetail.swift in Sources */,
				60DA76B1258A60FE0052F618 /* SimilarMoviesCellMovieDetail.swift in Sources */,
				60467FBE255DD0DD00348ACD /* UICollectionViewCell+Extensions.swift in Sources */,
				6028265C254C21CC00DB3C3A /* GenreCellMovieDetail.swift in Sources */,
				60282649254C21CC00DB3C3A /* MovieResponse.swift in Sources */,
				60282659254C21CC00DB3C3A /* TitleCellMovieDetail.swift in Sources */,
				60282653254C21CC00DB3C3A /* ShadeGradientOverlayView.swift in Sources */,
				60282657254C21CC00DB3C3A /* MovieDetailViewController.swift in Sources */,
				601464172567B69900F60FBF /* MovieListViewModel.swift in Sources */,
				6028265B254C21CC00DB3C3A /* ImageCellMovieDetail.swift in Sources */,
				601464342567F71E00F60FBF /* MovieAPIManager.swift in Sources */,
				60282670254C699D00DB3C3A /* Genre.swift in Sources */,
				604369B1256BD02C00CB5CFF /* SpinnerView.swift in Sources */,
			);
			runOnlyForDeploymentPostprocessing = 0;
		};
/* End PBXSourcesBuildPhase section */

/* Begin PBXVariantGroup section */
		60282617254C20D000DB3C3A /* LaunchScreen.storyboard */ = {
			isa = PBXVariantGroup;
			children = (
				60282618254C20D000DB3C3A /* Base */,
			);
			name = LaunchScreen.storyboard;
			sourceTree = "<group>";
		};
/* End PBXVariantGroup section */

/* Begin XCBuildConfiguration section */
		6028261B254C20D000DB3C3A /* Debug */ = {
			isa = XCBuildConfiguration;
			buildSettings = {
				ALWAYS_SEARCH_USER_PATHS = NO;
				CLANG_ANALYZER_NONNULL = YES;
				CLANG_ANALYZER_NUMBER_OBJECT_CONVERSION = YES_AGGRESSIVE;
				CLANG_CXX_LANGUAGE_STANDARD = "gnu++14";
				CLANG_CXX_LIBRARY = "libc++";
				CLANG_ENABLE_MODULES = YES;
				CLANG_ENABLE_OBJC_ARC = YES;
				CLANG_ENABLE_OBJC_WEAK = YES;
				CLANG_WARN_BLOCK_CAPTURE_AUTORELEASING = YES;
				CLANG_WARN_BOOL_CONVERSION = YES;
				CLANG_WARN_COMMA = YES;
				CLANG_WARN_CONSTANT_CONVERSION = YES;
				CLANG_WARN_DEPRECATED_OBJC_IMPLEMENTATIONS = YES;
				CLANG_WARN_DIRECT_OBJC_ISA_USAGE = YES_ERROR;
				CLANG_WARN_DOCUMENTATION_COMMENTS = YES;
				CLANG_WARN_EMPTY_BODY = YES;
				CLANG_WARN_ENUM_CONVERSION = YES;
				CLANG_WARN_INFINITE_RECURSION = YES;
				CLANG_WARN_INT_CONVERSION = YES;
				CLANG_WARN_NON_LITERAL_NULL_CONVERSION = YES;
				CLANG_WARN_OBJC_IMPLICIT_RETAIN_SELF = YES;
				CLANG_WARN_OBJC_LITERAL_CONVERSION = YES;
				CLANG_WARN_OBJC_ROOT_CLASS = YES_ERROR;
				CLANG_WARN_QUOTED_INCLUDE_IN_FRAMEWORK_HEADER = YES;
				CLANG_WARN_RANGE_LOOP_ANALYSIS = YES;
				CLANG_WARN_STRICT_PROTOTYPES = YES;
				CLANG_WARN_SUSPICIOUS_MOVE = YES;
				CLANG_WARN_UNGUARDED_AVAILABILITY = YES_AGGRESSIVE;
				CLANG_WARN_UNREACHABLE_CODE = YES;
				CLANG_WARN__DUPLICATE_METHOD_MATCH = YES;
				COPY_PHASE_STRIP = NO;
				DEBUG_INFORMATION_FORMAT = dwarf;
				ENABLE_STRICT_OBJC_MSGSEND = YES;
				ENABLE_TESTABILITY = YES;
				GCC_C_LANGUAGE_STANDARD = gnu11;
				GCC_DYNAMIC_NO_PIC = NO;
				GCC_NO_COMMON_BLOCKS = YES;
				GCC_OPTIMIZATION_LEVEL = 0;
				GCC_PREPROCESSOR_DEFINITIONS = (
					"DEBUG=1",
					"$(inherited)",
				);
				GCC_WARN_64_TO_32_BIT_CONVERSION = YES;
				GCC_WARN_ABOUT_RETURN_TYPE = YES_ERROR;
				GCC_WARN_UNDECLARED_SELECTOR = YES;
				GCC_WARN_UNINITIALIZED_AUTOS = YES_AGGRESSIVE;
				GCC_WARN_UNUSED_FUNCTION = YES;
				GCC_WARN_UNUSED_VARIABLE = YES;
				IPHONEOS_DEPLOYMENT_TARGET = 14.1;
				MTL_ENABLE_DEBUG_INFO = INCLUDE_SOURCE;
				MTL_FAST_MATH = YES;
				ONLY_ACTIVE_ARCH = YES;
				SDKROOT = iphoneos;
				SWIFT_ACTIVE_COMPILATION_CONDITIONS = DEBUG;
				SWIFT_OPTIMIZATION_LEVEL = "-Onone";
			};
			name = Debug;
		};
		6028261C254C20D000DB3C3A /* Release */ = {
			isa = XCBuildConfiguration;
			buildSettings = {
				ALWAYS_SEARCH_USER_PATHS = NO;
				CLANG_ANALYZER_NONNULL = YES;
				CLANG_ANALYZER_NUMBER_OBJECT_CONVERSION = YES_AGGRESSIVE;
				CLANG_CXX_LANGUAGE_STANDARD = "gnu++14";
				CLANG_CXX_LIBRARY = "libc++";
				CLANG_ENABLE_MODULES = YES;
				CLANG_ENABLE_OBJC_ARC = YES;
				CLANG_ENABLE_OBJC_WEAK = YES;
				CLANG_WARN_BLOCK_CAPTURE_AUTORELEASING = YES;
				CLANG_WARN_BOOL_CONVERSION = YES;
				CLANG_WARN_COMMA = YES;
				CLANG_WARN_CONSTANT_CONVERSION = YES;
				CLANG_WARN_DEPRECATED_OBJC_IMPLEMENTATIONS = YES;
				CLANG_WARN_DIRECT_OBJC_ISA_USAGE = YES_ERROR;
				CLANG_WARN_DOCUMENTATION_COMMENTS = YES;
				CLANG_WARN_EMPTY_BODY = YES;
				CLANG_WARN_ENUM_CONVERSION = YES;
				CLANG_WARN_INFINITE_RECURSION = YES;
				CLANG_WARN_INT_CONVERSION = YES;
				CLANG_WARN_NON_LITERAL_NULL_CONVERSION = YES;
				CLANG_WARN_OBJC_IMPLICIT_RETAIN_SELF = YES;
				CLANG_WARN_OBJC_LITERAL_CONVERSION = YES;
				CLANG_WARN_OBJC_ROOT_CLASS = YES_ERROR;
				CLANG_WARN_QUOTED_INCLUDE_IN_FRAMEWORK_HEADER = YES;
				CLANG_WARN_RANGE_LOOP_ANALYSIS = YES;
				CLANG_WARN_STRICT_PROTOTYPES = YES;
				CLANG_WARN_SUSPICIOUS_MOVE = YES;
				CLANG_WARN_UNGUARDED_AVAILABILITY = YES_AGGRESSIVE;
				CLANG_WARN_UNREACHABLE_CODE = YES;
				CLANG_WARN__DUPLICATE_METHOD_MATCH = YES;
				COPY_PHASE_STRIP = NO;
				DEBUG_INFORMATION_FORMAT = "dwarf-with-dsym";
				ENABLE_NS_ASSERTIONS = NO;
				ENABLE_STRICT_OBJC_MSGSEND = YES;
				GCC_C_LANGUAGE_STANDARD = gnu11;
				GCC_NO_COMMON_BLOCKS = YES;
				GCC_WARN_64_TO_32_BIT_CONVERSION = YES;
				GCC_WARN_ABOUT_RETURN_TYPE = YES_ERROR;
				GCC_WARN_UNDECLARED_SELECTOR = YES;
				GCC_WARN_UNINITIALIZED_AUTOS = YES_AGGRESSIVE;
				GCC_WARN_UNUSED_FUNCTION = YES;
				GCC_WARN_UNUSED_VARIABLE = YES;
				IPHONEOS_DEPLOYMENT_TARGET = 14.1;
				MTL_ENABLE_DEBUG_INFO = NO;
				MTL_FAST_MATH = YES;
				SDKROOT = iphoneos;
				SWIFT_COMPILATION_MODE = wholemodule;
				SWIFT_OPTIMIZATION_LEVEL = "-O";
				VALIDATE_PRODUCT = YES;
			};
			name = Release;
		};
		6028261E254C20D000DB3C3A /* Debug */ = {
			isa = XCBuildConfiguration;
			baseConfigurationReference = 5443B676215104801A81731A /* Pods-TASK-MovieApp.debug.xcconfig */;
			buildSettings = {
				ASSETCATALOG_COMPILER_APPICON_NAME = AppIcon;
				ASSETCATALOG_COMPILER_GLOBAL_ACCENT_COLOR_NAME = AccentColor;
				CODE_SIGN_STYLE = Manual;
				DEVELOPMENT_TEAM = "";
				INFOPLIST_FILE = "TASK-MovieApp/Support/Info.plist";
				LD_RUNPATH_SEARCH_PATHS = (
					"$(inherited)",
					"@executable_path/Frameworks",
				);
				PRODUCT_BUNDLE_IDENTIFIER = "com.example.TASK-MovieApp";
				PRODUCT_NAME = "$(TARGET_NAME)";
				PROVISIONING_PROFILE_SPECIFIER = "";
				SWIFT_VERSION = 5.0;
				TARGETED_DEVICE_FAMILY = "1,2";
			};
			name = Debug;
		};
		6028261F254C20D000DB3C3A /* Release */ = {
			isa = XCBuildConfiguration;
			baseConfigurationReference = 6722B3F6A7F5703D483BA3CC /* Pods-TASK-MovieApp.release.xcconfig */;
			buildSettings = {
				ASSETCATALOG_COMPILER_APPICON_NAME = AppIcon;
				ASSETCATALOG_COMPILER_GLOBAL_ACCENT_COLOR_NAME = AccentColor;
				CODE_SIGN_STYLE = Manual;
				DEVELOPMENT_TEAM = "";
				INFOPLIST_FILE = "TASK-MovieApp/Support/Info.plist";
				LD_RUNPATH_SEARCH_PATHS = (
					"$(inherited)",
					"@executable_path/Frameworks",
				);
				PRODUCT_BUNDLE_IDENTIFIER = "com.example.TASK-MovieApp";
				PRODUCT_NAME = "$(TARGET_NAME)";
				PROVISIONING_PROFILE_SPECIFIER = "";
				SWIFT_VERSION = 5.0;
				TARGETED_DEVICE_FAMILY = "1,2";
			};
			name = Release;
		};
/* End XCBuildConfiguration section */

/* Begin XCConfigurationList section */
		60282604254C20CF00DB3C3A /* Build configuration list for PBXProject "TASK-MovieApp" */ = {
			isa = XCConfigurationList;
			buildConfigurations = (
				6028261B254C20D000DB3C3A /* Debug */,
				6028261C254C20D000DB3C3A /* Release */,
			);
			defaultConfigurationIsVisible = 0;
			defaultConfigurationName = Release;
		};
		6028261D254C20D000DB3C3A /* Build configuration list for PBXNativeTarget "TASK-MovieApp" */ = {
			isa = XCConfigurationList;
			buildConfigurations = (
				6028261E254C20D000DB3C3A /* Debug */,
				6028261F254C20D000DB3C3A /* Release */,
			);
			defaultConfigurationIsVisible = 0;
			defaultConfigurationName = Release;
		};
/* End XCConfigurationList section */

/* Begin XCVersionGroup section */
		606FD8042552AF8B00F5FBFF /* TASK-MovieApp.xcdatamodeld */ = {
			isa = XCVersionGroup;
			children = (
				606FD8052552AF8B00F5FBFF /* MovieCoreDataModel.xcdatamodel */,
			);
			currentVersion = 606FD8052552AF8B00F5FBFF /* MovieCoreDataModel.xcdatamodel */;
			path = "TASK-MovieApp.xcdatamodeld";
			sourceTree = "<group>";
			versionGroupType = wrapper.xcdatamodel;
		};
/* End XCVersionGroup section */
	};
	rootObject = 60282601254C20CF00DB3C3A /* Project object */;
}
