// !$*UTF8*$!
{
	archiveVersion = 1;
	classes = {
	};
	objectVersion = 51;
	objects = {

/* Begin PBXBuildFile section */
		34F6A06372FAB74F2F4E3E60 /* Pods_TASK_MovieApp.framework in Frameworks */ = {isa = PBXBuildFile; fileRef = 5C831FF8DBF5BA0E3568DE44 /* Pods_TASK_MovieApp.framework */; };
		6019C2342554A04E002141B0 /* Movie+CoreDataClass.swift in Sources */ = {isa = PBXBuildFile; fileRef = 6019C2322554A04E002141B0 /* Movie+CoreDataClass.swift */; };
		6028260D254C20CF00DB3C3A /* AppDelegate.swift in Sources */ = {isa = PBXBuildFile; fileRef = 6028260C254C20CF00DB3C3A /* AppDelegate.swift */; };
		60282616254C20D000DB3C3A /* Assets.xcassets in Resources */ = {isa = PBXBuildFile; fileRef = 60282615254C20D000DB3C3A /* Assets.xcassets */; };
		60282619254C20D000DB3C3A /* LaunchScreen.storyboard in Resources */ = {isa = PBXBuildFile; fileRef = 60282617254C20D000DB3C3A /* LaunchScreen.storyboard */; };
		60282649254C21CC00DB3C3A /* MoviesList.swift in Sources */ = {isa = PBXBuildFile; fileRef = 60282626254C21CC00DB3C3A /* MoviesList.swift */; };
		6028264A254C21CC00DB3C3A /* Dates.swift in Sources */ = {isa = PBXBuildFile; fileRef = 60282627254C21CC00DB3C3A /* Dates.swift */; };
		6028264B254C21CC00DB3C3A /* SpinnerView.swift in Sources */ = {isa = PBXBuildFile; fileRef = 60282629254C21CC00DB3C3A /* SpinnerView.swift */; };
		6028264D254C21CC00DB3C3A /* Extensions+UITableView.swift in Sources */ = {isa = PBXBuildFile; fileRef = 6028262C254C21CC00DB3C3A /* Extensions+UITableView.swift */; };
		6028264E254C21CC00DB3C3A /* Extensions+UITableViewCell.swift in Sources */ = {isa = PBXBuildFile; fileRef = 6028262D254C21CC00DB3C3A /* Extensions+UITableViewCell.swift */; };
		6028264F254C21CC00DB3C3A /* Extensions+UIViewController.swift in Sources */ = {isa = PBXBuildFile; fileRef = 6028262E254C21CC00DB3C3A /* Extensions+UIViewController.swift */; };
		60282652254C21CC00DB3C3A /* ReusableView.swift in Sources */ = {isa = PBXBuildFile; fileRef = 60282632254C21CC00DB3C3A /* ReusableView.swift */; };
		60282653254C21CC00DB3C3A /* ShadeGradientTopToBottomView.swift in Sources */ = {isa = PBXBuildFile; fileRef = 60282634254C21CC00DB3C3A /* ShadeGradientTopToBottomView.swift */; };
		60282654254C21CC00DB3C3A /* WatchedButton.swift in Sources */ = {isa = PBXBuildFile; fileRef = 60282635254C21CC00DB3C3A /* WatchedButton.swift */; };
		60282655254C21CC00DB3C3A /* ShadeGradientBottomToTop.swift in Sources */ = {isa = PBXBuildFile; fileRef = 60282636254C21CC00DB3C3A /* ShadeGradientBottomToTop.swift */; };
		60282656254C21CC00DB3C3A /* FavouriteButton.swift in Sources */ = {isa = PBXBuildFile; fileRef = 60282637254C21CC00DB3C3A /* FavouriteButton.swift */; };
		60282657254C21CC00DB3C3A /* MovieDetailViewController.swift in Sources */ = {isa = PBXBuildFile; fileRef = 6028263A254C21CC00DB3C3A /* MovieDetailViewController.swift */; };
		60282658254C21CC00DB3C3A /* MovieDetailQuoteCell.swift in Sources */ = {isa = PBXBuildFile; fileRef = 6028263C254C21CC00DB3C3A /* MovieDetailQuoteCell.swift */; };
		60282659254C21CC00DB3C3A /* MovieDetailTitleCell.swift in Sources */ = {isa = PBXBuildFile; fileRef = 6028263D254C21CC00DB3C3A /* MovieDetailTitleCell.swift */; };
		6028265A254C21CC00DB3C3A /* MovieDetailDescriptionCell.swift in Sources */ = {isa = PBXBuildFile; fileRef = 6028263E254C21CC00DB3C3A /* MovieDetailDescriptionCell.swift */; };
		6028265B254C21CC00DB3C3A /* MovieDetailImageCell.swift in Sources */ = {isa = PBXBuildFile; fileRef = 6028263F254C21CC00DB3C3A /* MovieDetailImageCell.swift */; };
		6028265C254C21CC00DB3C3A /* MovieDetailGenreCell.swift in Sources */ = {isa = PBXBuildFile; fileRef = 60282640254C21CC00DB3C3A /* MovieDetailGenreCell.swift */; };
		6028265F254C21CC00DB3C3A /* MoviesListCell.swift in Sources */ = {isa = PBXBuildFile; fileRef = 60282647254C21CC00DB3C3A /* MoviesListCell.swift */; };
		60282665254C22A000DB3C3A /* Constants.swift in Sources */ = {isa = PBXBuildFile; fileRef = 60282664254C22A000DB3C3A /* Constants.swift */; };
		60282670254C699D00DB3C3A /* Genre.swift in Sources */ = {isa = PBXBuildFile; fileRef = 6028266F254C699D00DB3C3A /* Genre.swift */; };
		60282686254C912800DB3C3A /* MoviesItem.swift in Sources */ = {isa = PBXBuildFile; fileRef = 60282685254C912800DB3C3A /* MoviesItem.swift */; };
		6044443E2551E0E500F6ADC2 /* CoreDataManager.swift in Sources */ = {isa = PBXBuildFile; fileRef = 6044443D2551E0E500F6ADC2 /* CoreDataManager.swift */; };
		60467FB6255DD05300348ACD /* Extensions+UICollectionView.swift in Sources */ = {isa = PBXBuildFile; fileRef = 60467FB5255DD05300348ACD /* Extensions+UICollectionView.swift */; };
		60467FBE255DD0DD00348ACD /* Extensions+UICollectionViewCell.swift in Sources */ = {isa = PBXBuildFile; fileRef = 60467FBD255DD0DD00348ACD /* Extensions+UICollectionViewCell.swift */; };
		604BC031255557DA00C47CA7 /* ButtonType.swift in Sources */ = {isa = PBXBuildFile; fileRef = 604BC030255557DA00C47CA7 /* ButtonType.swift */; };
		605C508925543B93009D923F /* MovieListViewController.swift in Sources */ = {isa = PBXBuildFile; fileRef = 605C508825543B93009D923F /* MovieListViewController.swift */; };
		606FD8062552AF8B00F5FBFF /* TASK-MovieApp.xcdatamodeld in Sources */ = {isa = PBXBuildFile; fileRef = 606FD8042552AF8B00F5FBFF /* TASK-MovieApp.xcdatamodeld */; };
		606FD8282552E1EC00F5FBFF /* FavouriteMoviesViewController.swift in Sources */ = {isa = PBXBuildFile; fileRef = 606FD8272552E1EC00F5FBFF /* FavouriteMoviesViewController.swift */; };
		606FD82B2552E20600F5FBFF /* WatchedMoviesViewController.swift in Sources */ = {isa = PBXBuildFile; fileRef = 606FD82A2552E20600F5FBFF /* WatchedMoviesViewController.swift */; };
		606FD82E2552E24A00F5FBFF /* MovieTabBarController.swift in Sources */ = {isa = PBXBuildFile; fileRef = 606FD82D2552E24A00F5FBFF /* MovieTabBarController.swift */; };
		606FD8382554097900F5FBFF /* MovieDetailImageCellDelegate.swift in Sources */ = {isa = PBXBuildFile; fileRef = 606FD8372554097900F5FBFF /* MovieDetailImageCellDelegate.swift */; };

		606FD85025542F8400F5FBFF /* MovieDetails.swift in Sources */ = {isa = PBXBuildFile; fileRef = 606FD84F25542F8400F5FBFF /* MovieDetails.swift */; };

		606FD84D25542F6100F5FBFF /* ScreenData.swift in Sources */ = {isa = PBXBuildFile; fileRef = 606FD84C25542F6100F5FBFF /* ScreenData.swift */; };
		606FD85025542F8400F5FBFF /* MovieDetailsJSONModel.swift in Sources */ = {isa = PBXBuildFile; fileRef = 606FD84F25542F8400F5FBFF /* MovieDetailsJSONModel.swift */; };
		607D2F8E255AB02700040996 /* WatchedMoviesListCellDelegate.swift in Sources */ = {isa = PBXBuildFile; fileRef = 607D2F8D255AB02700040996 /* WatchedMoviesListCellDelegate.swift */; };
		607D2F91255AB03D00040996 /* FavouriteMoviesFeedCellDelegate.swift in Sources */ = {isa = PBXBuildFile; fileRef = 607D2F90255AB03D00040996 /* FavouriteMoviesFeedCellDelegate.swift */; };

		607D2F94255AB6FC00040996 /* MovieListCellDelegate.swift in Sources */ = {isa = PBXBuildFile; fileRef = 607D2F93255AB6FC00040996 /* MovieListCellDelegate.swift */; };
		60858755256521D200FCD5A1 /* MovieCard.swift in Sources */ = {isa = PBXBuildFile; fileRef = 60858754256521D200FCD5A1 /* MovieCard.swift */; };
		608587582565226700FCD5A1 /* MovieCardDelegate.swift in Sources */ = {isa = PBXBuildFile; fileRef = 608587572565226700FCD5A1 /* MovieCardDelegate.swift */; };
		60A790DC25503CA0002F218F /* Extension+UIView.swift in Sources */ = {isa = PBXBuildFile; fileRef = 60A790DB25503CA0002F218F /* Extension+UIView.swift */; };
		60A790E125503EAC002F218F /* MovieDetailScreenDataTypes.swift in Sources */ = {isa = PBXBuildFile; fileRef = 60A790E025503EAC002F218F /* MovieDetailScreenDataTypes.swift */; };
/* End PBXBuildFile section */

/* Begin PBXFileReference section */
		5443B676215104801A81731A /* Pods-TASK-MovieApp.debug.xcconfig */ = {isa = PBXFileReference; includeInIndex = 1; lastKnownFileType = text.xcconfig; name = "Pods-TASK-MovieApp.debug.xcconfig"; path = "Target Support Files/Pods-TASK-MovieApp/Pods-TASK-MovieApp.debug.xcconfig"; sourceTree = "<group>"; };
		5C831FF8DBF5BA0E3568DE44 /* Pods_TASK_MovieApp.framework */ = {isa = PBXFileReference; explicitFileType = wrapper.framework; includeInIndex = 0; path = Pods_TASK_MovieApp.framework; sourceTree = BUILT_PRODUCTS_DIR; };
		6019C2322554A04E002141B0 /* Movie+CoreDataClass.swift */ = {isa = PBXFileReference; lastKnownFileType = sourcecode.swift; path = "Movie+CoreDataClass.swift"; sourceTree = "<group>"; };
		60282609254C20CF00DB3C3A /* TASK-MovieApp.app */ = {isa = PBXFileReference; explicitFileType = wrapper.application; includeInIndex = 0; path = "TASK-MovieApp.app"; sourceTree = BUILT_PRODUCTS_DIR; };
		6028260C254C20CF00DB3C3A /* AppDelegate.swift */ = {isa = PBXFileReference; lastKnownFileType = sourcecode.swift; path = AppDelegate.swift; sourceTree = "<group>"; };
		60282615254C20D000DB3C3A /* Assets.xcassets */ = {isa = PBXFileReference; lastKnownFileType = folder.assetcatalog; path = Assets.xcassets; sourceTree = "<group>"; };
		60282618254C20D000DB3C3A /* Base */ = {isa = PBXFileReference; lastKnownFileType = file.storyboard; name = Base; path = Base.lproj/LaunchScreen.storyboard; sourceTree = "<group>"; };
		6028261A254C20D000DB3C3A /* Info.plist */ = {isa = PBXFileReference; lastKnownFileType = text.plist.xml; path = Info.plist; sourceTree = "<group>"; };
		60282626254C21CC00DB3C3A /* MoviesList.swift */ = {isa = PBXFileReference; fileEncoding = 4; lastKnownFileType = sourcecode.swift; path = MoviesList.swift; sourceTree = "<group>"; };
		60282627254C21CC00DB3C3A /* Dates.swift */ = {isa = PBXFileReference; fileEncoding = 4; lastKnownFileType = sourcecode.swift; name = Dates.swift; path = "TASK-MovieApp/Common/Data Model/Dates.swift"; sourceTree = SOURCE_ROOT; };
		60282629254C21CC00DB3C3A /* SpinnerView.swift */ = {isa = PBXFileReference; fileEncoding = 4; lastKnownFileType = sourcecode.swift; path = SpinnerView.swift; sourceTree = "<group>"; };
		6028262C254C21CC00DB3C3A /* Extensions+UITableView.swift */ = {isa = PBXFileReference; fileEncoding = 4; lastKnownFileType = sourcecode.swift; path = "Extensions+UITableView.swift"; sourceTree = "<group>"; };
		6028262D254C21CC00DB3C3A /* Extensions+UITableViewCell.swift */ = {isa = PBXFileReference; fileEncoding = 4; lastKnownFileType = sourcecode.swift; path = "Extensions+UITableViewCell.swift"; sourceTree = "<group>"; };
		6028262E254C21CC00DB3C3A /* Extensions+UIViewController.swift */ = {isa = PBXFileReference; fileEncoding = 4; lastKnownFileType = sourcecode.swift; path = "Extensions+UIViewController.swift"; sourceTree = "<group>"; };
		60282632254C21CC00DB3C3A /* ReusableView.swift */ = {isa = PBXFileReference; fileEncoding = 4; lastKnownFileType = sourcecode.swift; path = ReusableView.swift; sourceTree = "<group>"; };
		60282634254C21CC00DB3C3A /* ShadeGradientTopToBottomView.swift */ = {isa = PBXFileReference; fileEncoding = 4; lastKnownFileType = sourcecode.swift; path = ShadeGradientTopToBottomView.swift; sourceTree = "<group>"; };
		60282635254C21CC00DB3C3A /* WatchedButton.swift */ = {isa = PBXFileReference; fileEncoding = 4; lastKnownFileType = sourcecode.swift; path = WatchedButton.swift; sourceTree = "<group>"; };
		60282636254C21CC00DB3C3A /* ShadeGradientBottomToTop.swift */ = {isa = PBXFileReference; fileEncoding = 4; lastKnownFileType = sourcecode.swift; path = ShadeGradientBottomToTop.swift; sourceTree = "<group>"; };
		60282637254C21CC00DB3C3A /* FavouriteButton.swift */ = {isa = PBXFileReference; fileEncoding = 4; lastKnownFileType = sourcecode.swift; path = FavouriteButton.swift; sourceTree = "<group>"; };
		6028263A254C21CC00DB3C3A /* MovieDetailViewController.swift */ = {isa = PBXFileReference; fileEncoding = 4; lastKnownFileType = sourcecode.swift; path = MovieDetailViewController.swift; sourceTree = "<group>"; };
		6028263C254C21CC00DB3C3A /* MovieDetailQuoteCell.swift */ = {isa = PBXFileReference; fileEncoding = 4; lastKnownFileType = sourcecode.swift; path = MovieDetailQuoteCell.swift; sourceTree = "<group>"; };
		6028263D254C21CC00DB3C3A /* MovieDetailTitleCell.swift */ = {isa = PBXFileReference; fileEncoding = 4; lastKnownFileType = sourcecode.swift; path = MovieDetailTitleCell.swift; sourceTree = "<group>"; };
		6028263E254C21CC00DB3C3A /* MovieDetailDescriptionCell.swift */ = {isa = PBXFileReference; fileEncoding = 4; lastKnownFileType = sourcecode.swift; path = MovieDetailDescriptionCell.swift; sourceTree = "<group>"; };
		6028263F254C21CC00DB3C3A /* MovieDetailImageCell.swift */ = {isa = PBXFileReference; fileEncoding = 4; lastKnownFileType = sourcecode.swift; path = MovieDetailImageCell.swift; sourceTree = "<group>"; };
		60282640254C21CC00DB3C3A /* MovieDetailGenreCell.swift */ = {isa = PBXFileReference; fileEncoding = 4; lastKnownFileType = sourcecode.swift; path = MovieDetailGenreCell.swift; sourceTree = "<group>"; };
		60282647254C21CC00DB3C3A /* MoviesListCell.swift */ = {isa = PBXFileReference; fileEncoding = 4; lastKnownFileType = sourcecode.swift; path = MoviesListCell.swift; sourceTree = "<group>"; };
		60282664254C22A000DB3C3A /* Constants.swift */ = {isa = PBXFileReference; lastKnownFileType = sourcecode.swift; path = Constants.swift; sourceTree = "<group>"; };
		6028266F254C699D00DB3C3A /* Genre.swift */ = {isa = PBXFileReference; lastKnownFileType = sourcecode.swift; name = Genre.swift; path = "TASK-MovieApp/Common/Data Model/Genre.swift"; sourceTree = SOURCE_ROOT; };
		60282685254C912800DB3C3A /* MoviesItem.swift */ = {isa = PBXFileReference; lastKnownFileType = sourcecode.swift; path = MoviesItem.swift; sourceTree = "<group>"; };
		6044443D2551E0E500F6ADC2 /* CoreDataManager.swift */ = {isa = PBXFileReference; lastKnownFileType = sourcecode.swift; name = CoreDataManager.swift; path = "TASK-MovieApp/Common/CoreData/CoreDataManager.swift"; sourceTree = SOURCE_ROOT; };
		60467FB5255DD05300348ACD /* Extensions+UICollectionView.swift */ = {isa = PBXFileReference; lastKnownFileType = sourcecode.swift; path = "Extensions+UICollectionView.swift"; sourceTree = "<group>"; };
		60467FBD255DD0DD00348ACD /* Extensions+UICollectionViewCell.swift */ = {isa = PBXFileReference; lastKnownFileType = sourcecode.swift; path = "Extensions+UICollectionViewCell.swift"; sourceTree = "<group>"; };
		604BC030255557DA00C47CA7 /* ButtonType.swift */ = {isa = PBXFileReference; lastKnownFileType = sourcecode.swift; path = ButtonType.swift; sourceTree = "<group>"; };
		605C508825543B93009D923F /* MovieListViewController.swift */ = {isa = PBXFileReference; lastKnownFileType = sourcecode.swift; path = MovieListViewController.swift; sourceTree = "<group>"; };
		606FD8052552AF8B00F5FBFF /* MovieCoreDataModel.xcdatamodel */ = {isa = PBXFileReference; lastKnownFileType = wrapper.xcdatamodel; path = MovieCoreDataModel.xcdatamodel; sourceTree = "<group>"; };
		606FD8272552E1EC00F5FBFF /* FavouriteMoviesViewController.swift */ = {isa = PBXFileReference; lastKnownFileType = sourcecode.swift; name = FavouriteMoviesViewController.swift; path = "TASK-MovieApp/FavouriteMoviesScreen/FavouriteMoviesViewController.swift"; sourceTree = SOURCE_ROOT; };
		606FD82A2552E20600F5FBFF /* WatchedMoviesViewController.swift */ = {isa = PBXFileReference; lastKnownFileType = sourcecode.swift; path = WatchedMoviesViewController.swift; sourceTree = "<group>"; };
		606FD82D2552E24A00F5FBFF /* MovieTabBarController.swift */ = {isa = PBXFileReference; lastKnownFileType = sourcecode.swift; path = MovieTabBarController.swift; sourceTree = "<group>"; };
		606FD8372554097900F5FBFF /* MovieDetailImageCellDelegate.swift */ = {isa = PBXFileReference; lastKnownFileType = sourcecode.swift; name = MovieDetailImageCellDelegate.swift; path = "TASK-MovieApp/MovieDetailScreen/Protocols/MovieDetailImageCellDelegate.swift"; sourceTree = SOURCE_ROOT; };

		606FD84C25542F6100F5FBFF /* ScreenData.swift */ = {isa = PBXFileReference; lastKnownFileType = sourcecode.swift; name = ScreenData.swift; path = "TASK-MovieApp/Common/Data Model/ScreenData.swift"; sourceTree = SOURCE_ROOT; };
		606FD84F25542F8400F5FBFF /* MovieDetailsJSONModel.swift */ = {isa = PBXFileReference; lastKnownFileType = sourcecode.swift; path = MovieDetailsJSONModel.swift; sourceTree = "<group>"; };
		607D2F8D255AB02700040996 /* WatchedMoviesListCellDelegate.swift */ = {isa = PBXFileReference; lastKnownFileType = sourcecode.swift; path = WatchedMoviesListCellDelegate.swift; sourceTree = "<group>"; };
		607D2F90255AB03D00040996 /* FavouriteMoviesFeedCellDelegate.swift */ = {isa = PBXFileReference; lastKnownFileType = sourcecode.swift; path = FavouriteMoviesFeedCellDelegate.swift; sourceTree = "<group>"; };

		607D2F93255AB6FC00040996 /* MovieListCellDelegate.swift */ = {isa = PBXFileReference; lastKnownFileType = sourcecode.swift; name = MovieListCellDelegate.swift; path = "TASK-MovieApp/MovieListScreen/Protocols/MovieListCellDelegate.swift"; sourceTree = SOURCE_ROOT; };
		60858754256521D200FCD5A1 /* MovieCard.swift */ = {isa = PBXFileReference; lastKnownFileType = sourcecode.swift; path = MovieCard.swift; sourceTree = "<group>"; };
		608587572565226700FCD5A1 /* MovieCardDelegate.swift */ = {isa = PBXFileReference; lastKnownFileType = sourcecode.swift; path = MovieCardDelegate.swift; sourceTree = "<group>"; };
		60A790DB25503CA0002F218F /* Extension+UIView.swift */ = {isa = PBXFileReference; fileEncoding = 4; lastKnownFileType = sourcecode.swift; name = "Extension+UIView.swift"; path = "TASK-MovieApp/Common/Extensions/Extension+UIView.swift"; sourceTree = SOURCE_ROOT; };
		60A790E025503EAC002F218F /* MovieDetailScreenDataTypes.swift */ = {isa = PBXFileReference; lastKnownFileType = sourcecode.swift; name = MovieDetailScreenDataTypes.swift; path = "TASK-MovieApp/MovieDetailScreen/Data Model/MovieDetailScreenDataTypes.swift"; sourceTree = SOURCE_ROOT; };
		6722B3F6A7F5703D483BA3CC /* Pods-TASK-MovieApp.release.xcconfig */ = {isa = PBXFileReference; includeInIndex = 1; lastKnownFileType = text.xcconfig; name = "Pods-TASK-MovieApp.release.xcconfig"; path = "Target Support Files/Pods-TASK-MovieApp/Pods-TASK-MovieApp.release.xcconfig"; sourceTree = "<group>"; };
/* End PBXFileReference section */

/* Begin PBXFrameworksBuildPhase section */
		60282606254C20CF00DB3C3A /* Frameworks */ = {
			isa = PBXFrameworksBuildPhase;
			buildActionMask = 2147483647;
			files = (
				34F6A06372FAB74F2F4E3E60 /* Pods_TASK_MovieApp.framework in Frameworks */,
			);
			runOnlyForDeploymentPostprocessing = 0;
		};
/* End PBXFrameworksBuildPhase section */

/* Begin PBXGroup section */
		6019C1D725545BC7002141B0 /* FavouriteMoviesScreen */ = {
			isa = PBXGroup;
			children = (
				606FD8272552E1EC00F5FBFF /* FavouriteMoviesViewController.swift */,
			);
			path = FavouriteMoviesScreen;
			sourceTree = "<group>";
		};
		6019C1D825545BD6002141B0 /* WatchedMoviesScreen */ = {
			isa = PBXGroup;
			children = (
				606FD82A2552E20600F5FBFF /* WatchedMoviesViewController.swift */,
			);
			path = WatchedMoviesScreen;
			sourceTree = "<group>";
		};
		60282600254C20CF00DB3C3A = {
			isa = PBXGroup;
			children = (
				6028260B254C20CF00DB3C3A /* TASK-MovieApp */,
				6028260A254C20CF00DB3C3A /* Products */,
				8DBCED51C9C937D226DD25CF /* Pods */,
				9C0FD233FBEA82C7798C6D69 /* Frameworks */,
			);
			sourceTree = "<group>";
		};
		6028260A254C20CF00DB3C3A /* Products */ = {
			isa = PBXGroup;
			children = (
				60282609254C20CF00DB3C3A /* TASK-MovieApp.app */,
			);
			name = Products;
			sourceTree = "<group>";
		};
		6028260B254C20CF00DB3C3A /* TASK-MovieApp */ = {
			isa = PBXGroup;
			children = (
				606FD82D2552E24A00F5FBFF /* MovieTabBarController.swift */,
				60282643254C21CC00DB3C3A /* MovieListScreen */,
				60282638254C21CC00DB3C3A /* MovieDetailScreen */,
				6019C1D825545BD6002141B0 /* WatchedMoviesScreen */,
				6019C1D725545BC7002141B0 /* FavouriteMoviesScreen */,
				60282623254C21CC00DB3C3A /* Common */,
				60282661254C21D400DB3C3A /* Support */,
			);
			path = "TASK-MovieApp";
			sourceTree = "<group>";
		};
		60282623254C21CC00DB3C3A /* Common */ = {
			isa = PBXGroup;
			children = (
				60282664254C22A000DB3C3A /* Constants.swift */,
				606FD81E2552BDBC00F5FBFF /* CoreData */,
				6028267D254C837300DB3C3A /* Data Model */,
				60282628254C21CC00DB3C3A /* Loading */,
				6028262A254C21CC00DB3C3A /* Extensions */,
				60282631254C21CC00DB3C3A /* Protocols */,
				60282633254C21CC00DB3C3A /* Custom Views */,
				604BC030255557DA00C47CA7 /* ButtonType.swift */,
			);
			path = Common;
			sourceTree = "<group>";
		};
		60282628254C21CC00DB3C3A /* Loading */ = {
			isa = PBXGroup;
			children = (
				60282629254C21CC00DB3C3A /* SpinnerView.swift */,
			);
			path = Loading;
			sourceTree = "<group>";
		};
		6028262A254C21CC00DB3C3A /* Extensions */ = {
			isa = PBXGroup;
			children = (
				60A790DB25503CA0002F218F /* Extension+UIView.swift */,
				6028262C254C21CC00DB3C3A /* Extensions+UITableView.swift */,
				6028262D254C21CC00DB3C3A /* Extensions+UITableViewCell.swift */,
				60467FB5255DD05300348ACD /* Extensions+UICollectionView.swift */,
				60467FBD255DD0DD00348ACD /* Extensions+UICollectionViewCell.swift */,
				6028262E254C21CC00DB3C3A /* Extensions+UIViewController.swift */,
			);
			path = Extensions;
			sourceTree = "<group>";
		};
		60282631254C21CC00DB3C3A /* Protocols */ = {
			isa = PBXGroup;
			children = (
				60282632254C21CC00DB3C3A /* ReusableView.swift */,
				608587572565226700FCD5A1 /* MovieCardDelegate.swift */,
			);
			path = Protocols;
			sourceTree = "<group>";
		};
		60282633254C21CC00DB3C3A /* Custom Views */ = {
			isa = PBXGroup;
			children = (
				60282634254C21CC00DB3C3A /* ShadeGradientTopToBottomView.swift */,
				60282635254C21CC00DB3C3A /* WatchedButton.swift */,
				60282636254C21CC00DB3C3A /* ShadeGradientBottomToTop.swift */,
				60282637254C21CC00DB3C3A /* FavouriteButton.swift */,
				60858754256521D200FCD5A1 /* MovieCard.swift */,
			);
			path = "Custom Views";
			sourceTree = "<group>";
		};
		60282638254C21CC00DB3C3A /* MovieDetailScreen */ = {
			isa = PBXGroup;
			children = (
				608CED9D25545860003A8F11 /* Protocols */,
				60282678254C82DC00DB3C3A /* Data Model */,
				60282639254C21CC00DB3C3A /* Controller */,
				6028263B254C21CC00DB3C3A /* Cell */,
			);
			path = MovieDetailScreen;
			sourceTree = "<group>";
		};
		60282639254C21CC00DB3C3A /* Controller */ = {
			isa = PBXGroup;
			children = (
				6028263A254C21CC00DB3C3A /* MovieDetailViewController.swift */,
			);
			path = Controller;
			sourceTree = "<group>";
		};
		6028263B254C21CC00DB3C3A /* Cell */ = {
			isa = PBXGroup;
			children = (
				6028263F254C21CC00DB3C3A /* MovieDetailImageCell.swift */,
				6028263D254C21CC00DB3C3A /* MovieDetailTitleCell.swift */,
				60282640254C21CC00DB3C3A /* MovieDetailGenreCell.swift */,
				6028263C254C21CC00DB3C3A /* MovieDetailQuoteCell.swift */,
				6028263E254C21CC00DB3C3A /* MovieDetailDescriptionCell.swift */,
			);
			path = Cell;
			sourceTree = "<group>";
		};
		60282643254C21CC00DB3C3A /* MovieListScreen */ = {
			isa = PBXGroup;
			children = (
				60282644254C21CC00DB3C3A /* Controller */,
				602ED6B125626CF200CE3D72 /* Protocols */,
				60282646254C21CC00DB3C3A /* Cell */,
				606FD83E2554267F00F5FBFF /* Data Model */,
			);
			path = MovieListScreen;
			sourceTree = "<group>";
		};
		60282644254C21CC00DB3C3A /* Controller */ = {
			isa = PBXGroup;
			children = (
				605C508825543B93009D923F /* MovieListViewController.swift */,
			);
			path = Controller;
			sourceTree = "<group>";
		};
		60282646254C21CC00DB3C3A /* Cell */ = {
			isa = PBXGroup;
			children = (
				60282647254C21CC00DB3C3A /* MoviesListCell.swift */,
			);
			path = Cell;
			sourceTree = "<group>";
		};
		60282661254C21D400DB3C3A /* Support */ = {
			isa = PBXGroup;
			children = (
				6028260C254C20CF00DB3C3A /* AppDelegate.swift */,
				60282615254C20D000DB3C3A /* Assets.xcassets */,
				60282617254C20D000DB3C3A /* LaunchScreen.storyboard */,
				6028261A254C20D000DB3C3A /* Info.plist */,
				606FD8042552AF8B00F5FBFF /* TASK-MovieApp.xcdatamodeld */,
			);
			path = Support;
			sourceTree = "<group>";
		};
		60282678254C82DC00DB3C3A /* Data Model */ = {
			isa = PBXGroup;
			children = (
      
				60A790E025503EAC002F218F /* MovieDetailScreenDataTypes.swift */,
				606FD84F25542F8400F5FBFF /* MovieDetailsJSONModel.swift */,
			);
			path = "Data Model";
			sourceTree = "<group>";
		};
		6028267D254C837300DB3C3A /* Data Model */ = {
			isa = PBXGroup;
			children = (
				606FD84C25542F6100F5FBFF /* ScreenData.swift */,
				60282627254C21CC00DB3C3A /* Dates.swift */,
				6028266F254C699D00DB3C3A /* Genre.swift */,
			);
			path = "Data Model";
			sourceTree = "<group>";
		};
		602ED6B125626CF200CE3D72 /* Protocols */ = {
			isa = PBXGroup;
			children = (
				607D2F93255AB6FC00040996 /* MovieListCellDelegate.swift */,
			);
			path = Protocols;
			sourceTree = "<group>";
		};
		606FD81E2552BDBC00F5FBFF /* CoreData */ = {
			isa = PBXGroup;
			children = (
				6019C2322554A04E002141B0 /* Movie+CoreDataClass.swift */,
				6044443D2551E0E500F6ADC2 /* CoreDataManager.swift */,
			);
			path = CoreData;
			sourceTree = "<group>";
		};
		606FD83E2554267F00F5FBFF /* Data Model */ = {
			isa = PBXGroup;
			children = (
				60282626254C21CC00DB3C3A /* MoviesList.swift */,
				60282685254C912800DB3C3A /* MoviesItem.swift */,
			);
			path = "Data Model";
			sourceTree = "<group>";
		};
		608CED9D25545860003A8F11 /* Protocols */ = {
			isa = PBXGroup;
			children = (
				606FD8372554097900F5FBFF /* MovieDetailImageCellDelegate.swift */,
			);
			path = Protocols;
			sourceTree = "<group>";
		};
		8DBCED51C9C937D226DD25CF /* Pods */ = {
			isa = PBXGroup;
			children = (
				5443B676215104801A81731A /* Pods-TASK-MovieApp.debug.xcconfig */,
				6722B3F6A7F5703D483BA3CC /* Pods-TASK-MovieApp.release.xcconfig */,
			);
			path = Pods;
			sourceTree = "<group>";
		};
		9C0FD233FBEA82C7798C6D69 /* Frameworks */ = {
			isa = PBXGroup;
			children = (
				5C831FF8DBF5BA0E3568DE44 /* Pods_TASK_MovieApp.framework */,
			);
			name = Frameworks;
			sourceTree = "<group>";
		};
/* End PBXGroup section */

/* Begin PBXNativeTarget section */
		60282608254C20CF00DB3C3A /* TASK-MovieApp */ = {
			isa = PBXNativeTarget;
			buildConfigurationList = 6028261D254C20D000DB3C3A /* Build configuration list for PBXNativeTarget "TASK-MovieApp" */;
			buildPhases = (
				F107F56EA868B664A7CDDDB5 /* [CP] Check Pods Manifest.lock */,
				60282605254C20CF00DB3C3A /* Sources */,
				60282606254C20CF00DB3C3A /* Frameworks */,
				60282607254C20CF00DB3C3A /* Resources */,
				E40961D7836162796C5C3383 /* [CP] Embed Pods Frameworks */,
			);
			buildRules = (
			);
			dependencies = (
			);
			name = "TASK-MovieApp";
			productName = "TASK-MovieApp";
			productReference = 60282609254C20CF00DB3C3A /* TASK-MovieApp.app */;
			productType = "com.apple.product-type.application";
		};
/* End PBXNativeTarget section */

/* Begin PBXProject section */
		60282601254C20CF00DB3C3A /* Project object */ = {
			isa = PBXProject;
			attributes = {
				LastSwiftUpdateCheck = 1210;
				LastUpgradeCheck = 1210;
				TargetAttributes = {
					60282608254C20CF00DB3C3A = {
						CreatedOnToolsVersion = 12.1;
					};
				};
			};
			buildConfigurationList = 60282604254C20CF00DB3C3A /* Build configuration list for PBXProject "TASK-MovieApp" */;
			compatibilityVersion = "Xcode 9.3";
			developmentRegion = en;
			hasScannedForEncodings = 0;
			knownRegions = (
				en,
				Base,
			);
			mainGroup = 60282600254C20CF00DB3C3A;
			productRefGroup = 6028260A254C20CF00DB3C3A /* Products */;
			projectDirPath = "";
			projectRoot = "";
			targets = (
				60282608254C20CF00DB3C3A /* TASK-MovieApp */,
			);
		};
/* End PBXProject section */

/* Begin PBXResourcesBuildPhase section */
		60282607254C20CF00DB3C3A /* Resources */ = {
			isa = PBXResourcesBuildPhase;
			buildActionMask = 2147483647;
			files = (
				60282619254C20D000DB3C3A /* LaunchScreen.storyboard in Resources */,
				60282616254C20D000DB3C3A /* Assets.xcassets in Resources */,
			);
			runOnlyForDeploymentPostprocessing = 0;
		};
/* End PBXResourcesBuildPhase section */

/* Begin PBXShellScriptBuildPhase section */
		E40961D7836162796C5C3383 /* [CP] Embed Pods Frameworks */ = {
			isa = PBXShellScriptBuildPhase;
			buildActionMask = 2147483647;
			files = (
			);
			inputFileListPaths = (
				"${PODS_ROOT}/Target Support Files/Pods-TASK-MovieApp/Pods-TASK-MovieApp-frameworks-${CONFIGURATION}-input-files.xcfilelist",
			);
			name = "[CP] Embed Pods Frameworks";
			outputFileListPaths = (
				"${PODS_ROOT}/Target Support Files/Pods-TASK-MovieApp/Pods-TASK-MovieApp-frameworks-${CONFIGURATION}-output-files.xcfilelist",
			);
			runOnlyForDeploymentPostprocessing = 0;
			shellPath = /bin/sh;
			shellScript = "\"${PODS_ROOT}/Target Support Files/Pods-TASK-MovieApp/Pods-TASK-MovieApp-frameworks.sh\"\n";
			showEnvVarsInLog = 0;
		};
		F107F56EA868B664A7CDDDB5 /* [CP] Check Pods Manifest.lock */ = {
			isa = PBXShellScriptBuildPhase;
			buildActionMask = 2147483647;
			files = (
			);
			inputFileListPaths = (
			);
			inputPaths = (
				"${PODS_PODFILE_DIR_PATH}/Podfile.lock",
				"${PODS_ROOT}/Manifest.lock",
			);
			name = "[CP] Check Pods Manifest.lock";
			outputFileListPaths = (
			);
			outputPaths = (
				"$(DERIVED_FILE_DIR)/Pods-TASK-MovieApp-checkManifestLockResult.txt",
			);
			runOnlyForDeploymentPostprocessing = 0;
			shellPath = /bin/sh;
			shellScript = "diff \"${PODS_PODFILE_DIR_PATH}/Podfile.lock\" \"${PODS_ROOT}/Manifest.lock\" > /dev/null\nif [ $? != 0 ] ; then\n    # print error to STDERR\n    echo \"error: The sandbox is not in sync with the Podfile.lock. Run 'pod install' or update your CocoaPods installation.\" >&2\n    exit 1\nfi\n# This output is used by Xcode 'outputs' to avoid re-running this script phase.\necho \"SUCCESS\" > \"${SCRIPT_OUTPUT_FILE_0}\"\n";
			showEnvVarsInLog = 0;
		};
/* End PBXShellScriptBuildPhase section */

/* Begin PBXSourcesBuildPhase section */
		60282605254C20CF00DB3C3A /* Sources */ = {
			isa = PBXSourcesBuildPhase;
			buildActionMask = 2147483647;
			files = (
				60858755256521D200FCD5A1 /* MovieCard.swift in Sources */,
				6028264A254C21CC00DB3C3A /* Dates.swift in Sources */,
				604BC031255557DA00C47CA7 /* ButtonType.swift in Sources */,
				6028265F254C21CC00DB3C3A /* MoviesListCell.swift in Sources */,
				60467FB6255DD05300348ACD /* Extensions+UICollectionView.swift in Sources */,
				606FD84D25542F6100F5FBFF /* ScreenData.swift in Sources */,
				604BC0442555964D00C47CA7 /* FavouriteMoviesFeedCell.swift in Sources */,
				6028264F254C21CC00DB3C3A /* Extensions+UIViewController.swift in Sources */,
				60282658254C21CC00DB3C3A /* MovieDetailQuoteCell.swift in Sources */,
				60A790DC25503CA0002F218F /* Extension+UIView.swift in Sources */,
				607D2F94255AB6FC00040996 /* MovieListCellDelegate.swift in Sources */,
				60282656254C21CC00DB3C3A /* FavouriteButton.swift in Sources */,
				60282665254C22A000DB3C3A /* Constants.swift in Sources */,
				60A790E125503EAC002F218F /* MovieDetailScreenDataTypes.swift in Sources */,
				6028260D254C20CF00DB3C3A /* AppDelegate.swift in Sources */,
				6028264E254C21CC00DB3C3A /* Extensions+UITableViewCell.swift in Sources */,
				60282655254C21CC00DB3C3A /* ShadeGradientBottomToTop.swift in Sources */,
				606FD82E2552E24A00F5FBFF /* MovieTabBarController.swift in Sources */,
				60282652254C21CC00DB3C3A /* ReusableView.swift in Sources */,
				60282686254C912800DB3C3A /* MoviesItem.swift in Sources */,
				606FD82B2552E20600F5FBFF /* WatchedMoviesViewController.swift in Sources */,
				605C508925543B93009D923F /* MovieListViewController.swift in Sources */,
				6019C2342554A04E002141B0 /* Movie+CoreDataClass.swift in Sources */,
				6028264D254C21CC00DB3C3A /* Extensions+UITableView.swift in Sources */,
				606FD8062552AF8B00F5FBFF /* TASK-MovieApp.xcdatamodeld in Sources */,
				606FD85025542F8400F5FBFF /* MovieDetails.swift in Sources */,
				6044443E2551E0E500F6ADC2 /* CoreDataManager.swift in Sources */,
				606FD8282552E1EC00F5FBFF /* FavouriteMoviesViewController.swift in Sources */,
				6028265A254C21CC00DB3C3A /* MovieDetailDescriptionCell.swift in Sources */,
				60467FBE255DD0DD00348ACD /* Extensions+UICollectionViewCell.swift in Sources */,
				6028265C254C21CC00DB3C3A /* MovieDetailGenreCell.swift in Sources */,
				60282649254C21CC00DB3C3A /* MoviesList.swift in Sources */,
				60282659254C21CC00DB3C3A /* MovieDetailTitleCell.swift in Sources */,
				6028264B254C21CC00DB3C3A /* SpinnerView.swift in Sources */,
				60282653254C21CC00DB3C3A /* ShadeGradientTopToBottomView.swift in Sources */,
				60282657254C21CC00DB3C3A /* MovieDetailViewController.swift in Sources */,
				60282654254C21CC00DB3C3A /* WatchedButton.swift in Sources */,
				6028265B254C21CC00DB3C3A /* MovieDetailImageCell.swift in Sources */,
				60282670254C699D00DB3C3A /* Genre.swift in Sources */,
				608587582565226700FCD5A1 /* MovieCardDelegate.swift in Sources */,
				606FD8382554097900F5FBFF /* MovieDetailImageCellDelegate.swift in Sources */,
			);
			runOnlyForDeploymentPostprocessing = 0;
		};
/* End PBXSourcesBuildPhase section */

/* Begin PBXVariantGroup section */
		60282617254C20D000DB3C3A /* LaunchScreen.storyboard */ = {
			isa = PBXVariantGroup;
			children = (
				60282618254C20D000DB3C3A /* Base */,
			);
			name = LaunchScreen.storyboard;
			sourceTree = "<group>";
		};
/* End PBXVariantGroup section */

/* Begin XCBuildConfiguration section */
		6028261B254C20D000DB3C3A /* Debug */ = {
			isa = XCBuildConfiguration;
			buildSettings = {
				ALWAYS_SEARCH_USER_PATHS = NO;
				CLANG_ANALYZER_NONNULL = YES;
				CLANG_ANALYZER_NUMBER_OBJECT_CONVERSION = YES_AGGRESSIVE;
				CLANG_CXX_LANGUAGE_STANDARD = "gnu++14";
				CLANG_CXX_LIBRARY = "libc++";
				CLANG_ENABLE_MODULES = YES;
				CLANG_ENABLE_OBJC_ARC = YES;
				CLANG_ENABLE_OBJC_WEAK = YES;
				CLANG_WARN_BLOCK_CAPTURE_AUTORELEASING = YES;
				CLANG_WARN_BOOL_CONVERSION = YES;
				CLANG_WARN_COMMA = YES;
				CLANG_WARN_CONSTANT_CONVERSION = YES;
				CLANG_WARN_DEPRECATED_OBJC_IMPLEMENTATIONS = YES;
				CLANG_WARN_DIRECT_OBJC_ISA_USAGE = YES_ERROR;
				CLANG_WARN_DOCUMENTATION_COMMENTS = YES;
				CLANG_WARN_EMPTY_BODY = YES;
				CLANG_WARN_ENUM_CONVERSION = YES;
				CLANG_WARN_INFINITE_RECURSION = YES;
				CLANG_WARN_INT_CONVERSION = YES;
				CLANG_WARN_NON_LITERAL_NULL_CONVERSION = YES;
				CLANG_WARN_OBJC_IMPLICIT_RETAIN_SELF = YES;
				CLANG_WARN_OBJC_LITERAL_CONVERSION = YES;
				CLANG_WARN_OBJC_ROOT_CLASS = YES_ERROR;
				CLANG_WARN_QUOTED_INCLUDE_IN_FRAMEWORK_HEADER = YES;
				CLANG_WARN_RANGE_LOOP_ANALYSIS = YES;
				CLANG_WARN_STRICT_PROTOTYPES = YES;
				CLANG_WARN_SUSPICIOUS_MOVE = YES;
				CLANG_WARN_UNGUARDED_AVAILABILITY = YES_AGGRESSIVE;
				CLANG_WARN_UNREACHABLE_CODE = YES;
				CLANG_WARN__DUPLICATE_METHOD_MATCH = YES;
				COPY_PHASE_STRIP = NO;
				DEBUG_INFORMATION_FORMAT = dwarf;
				ENABLE_STRICT_OBJC_MSGSEND = YES;
				ENABLE_TESTABILITY = YES;
				GCC_C_LANGUAGE_STANDARD = gnu11;
				GCC_DYNAMIC_NO_PIC = NO;
				GCC_NO_COMMON_BLOCKS = YES;
				GCC_OPTIMIZATION_LEVEL = 0;
				GCC_PREPROCESSOR_DEFINITIONS = (
					"DEBUG=1",
					"$(inherited)",
				);
				GCC_WARN_64_TO_32_BIT_CONVERSION = YES;
				GCC_WARN_ABOUT_RETURN_TYPE = YES_ERROR;
				GCC_WARN_UNDECLARED_SELECTOR = YES;
				GCC_WARN_UNINITIALIZED_AUTOS = YES_AGGRESSIVE;
				GCC_WARN_UNUSED_FUNCTION = YES;
				GCC_WARN_UNUSED_VARIABLE = YES;
				IPHONEOS_DEPLOYMENT_TARGET = 14.1;
				MTL_ENABLE_DEBUG_INFO = INCLUDE_SOURCE;
				MTL_FAST_MATH = YES;
				ONLY_ACTIVE_ARCH = YES;
				SDKROOT = iphoneos;
				SWIFT_ACTIVE_COMPILATION_CONDITIONS = DEBUG;
				SWIFT_OPTIMIZATION_LEVEL = "-Onone";
			};
			name = Debug;
		};
		6028261C254C20D000DB3C3A /* Release */ = {
			isa = XCBuildConfiguration;
			buildSettings = {
				ALWAYS_SEARCH_USER_PATHS = NO;
				CLANG_ANALYZER_NONNULL = YES;
				CLANG_ANALYZER_NUMBER_OBJECT_CONVERSION = YES_AGGRESSIVE;
				CLANG_CXX_LANGUAGE_STANDARD = "gnu++14";
				CLANG_CXX_LIBRARY = "libc++";
				CLANG_ENABLE_MODULES = YES;
				CLANG_ENABLE_OBJC_ARC = YES;
				CLANG_ENABLE_OBJC_WEAK = YES;
				CLANG_WARN_BLOCK_CAPTURE_AUTORELEASING = YES;
				CLANG_WARN_BOOL_CONVERSION = YES;
				CLANG_WARN_COMMA = YES;
				CLANG_WARN_CONSTANT_CONVERSION = YES;
				CLANG_WARN_DEPRECATED_OBJC_IMPLEMENTATIONS = YES;
				CLANG_WARN_DIRECT_OBJC_ISA_USAGE = YES_ERROR;
				CLANG_WARN_DOCUMENTATION_COMMENTS = YES;
				CLANG_WARN_EMPTY_BODY = YES;
				CLANG_WARN_ENUM_CONVERSION = YES;
				CLANG_WARN_INFINITE_RECURSION = YES;
				CLANG_WARN_INT_CONVERSION = YES;
				CLANG_WARN_NON_LITERAL_NULL_CONVERSION = YES;
				CLANG_WARN_OBJC_IMPLICIT_RETAIN_SELF = YES;
				CLANG_WARN_OBJC_LITERAL_CONVERSION = YES;
				CLANG_WARN_OBJC_ROOT_CLASS = YES_ERROR;
				CLANG_WARN_QUOTED_INCLUDE_IN_FRAMEWORK_HEADER = YES;
				CLANG_WARN_RANGE_LOOP_ANALYSIS = YES;
				CLANG_WARN_STRICT_PROTOTYPES = YES;
				CLANG_WARN_SUSPICIOUS_MOVE = YES;
				CLANG_WARN_UNGUARDED_AVAILABILITY = YES_AGGRESSIVE;
				CLANG_WARN_UNREACHABLE_CODE = YES;
				CLANG_WARN__DUPLICATE_METHOD_MATCH = YES;
				COPY_PHASE_STRIP = NO;
				DEBUG_INFORMATION_FORMAT = "dwarf-with-dsym";
				ENABLE_NS_ASSERTIONS = NO;
				ENABLE_STRICT_OBJC_MSGSEND = YES;
				GCC_C_LANGUAGE_STANDARD = gnu11;
				GCC_NO_COMMON_BLOCKS = YES;
				GCC_WARN_64_TO_32_BIT_CONVERSION = YES;
				GCC_WARN_ABOUT_RETURN_TYPE = YES_ERROR;
				GCC_WARN_UNDECLARED_SELECTOR = YES;
				GCC_WARN_UNINITIALIZED_AUTOS = YES_AGGRESSIVE;
				GCC_WARN_UNUSED_FUNCTION = YES;
				GCC_WARN_UNUSED_VARIABLE = YES;
				IPHONEOS_DEPLOYMENT_TARGET = 14.1;
				MTL_ENABLE_DEBUG_INFO = NO;
				MTL_FAST_MATH = YES;
				SDKROOT = iphoneos;
				SWIFT_COMPILATION_MODE = wholemodule;
				SWIFT_OPTIMIZATION_LEVEL = "-O";
				VALIDATE_PRODUCT = YES;
			};
			name = Release;
		};
		6028261E254C20D000DB3C3A /* Debug */ = {
			isa = XCBuildConfiguration;
			baseConfigurationReference = 5443B676215104801A81731A /* Pods-TASK-MovieApp.debug.xcconfig */;
			buildSettings = {
				ASSETCATALOG_COMPILER_APPICON_NAME = AppIcon;
				ASSETCATALOG_COMPILER_GLOBAL_ACCENT_COLOR_NAME = AccentColor;
				CODE_SIGN_STYLE = Manual;
				DEVELOPMENT_TEAM = "";
				INFOPLIST_FILE = "/Users/tomislavgelesic/Desktop/TASK-MovieApp/TASK-MovieApp/Support/Info.plist";
				LD_RUNPATH_SEARCH_PATHS = (
					"$(inherited)",
					"@executable_path/Frameworks",
				);
				PRODUCT_BUNDLE_IDENTIFIER = "com.example.TASK-MovieApp";
				PRODUCT_NAME = "$(TARGET_NAME)";
				PROVISIONING_PROFILE_SPECIFIER = "";
				SWIFT_VERSION = 5.0;
				TARGETED_DEVICE_FAMILY = "1,2";
			};
			name = Debug;
		};
		6028261F254C20D000DB3C3A /* Release */ = {
			isa = XCBuildConfiguration;
			baseConfigurationReference = 6722B3F6A7F5703D483BA3CC /* Pods-TASK-MovieApp.release.xcconfig */;
			buildSettings = {
				ASSETCATALOG_COMPILER_APPICON_NAME = AppIcon;
				ASSETCATALOG_COMPILER_GLOBAL_ACCENT_COLOR_NAME = AccentColor;
				CODE_SIGN_STYLE = Manual;
				DEVELOPMENT_TEAM = "";
				INFOPLIST_FILE = "/Users/tomislavgelesic/Desktop/TASK-MovieApp/TASK-MovieApp/Support/Info.plist";
				LD_RUNPATH_SEARCH_PATHS = (
					"$(inherited)",
					"@executable_path/Frameworks",
				);
				PRODUCT_BUNDLE_IDENTIFIER = "com.example.TASK-MovieApp";
				PRODUCT_NAME = "$(TARGET_NAME)";
				PROVISIONING_PROFILE_SPECIFIER = "";
				SWIFT_VERSION = 5.0;
				TARGETED_DEVICE_FAMILY = "1,2";
			};
			name = Release;
		};
/* End XCBuildConfiguration section */

/* Begin XCConfigurationList section */
		60282604254C20CF00DB3C3A /* Build configuration list for PBXProject "TASK-MovieApp" */ = {
			isa = XCConfigurationList;
			buildConfigurations = (
				6028261B254C20D000DB3C3A /* Debug */,
				6028261C254C20D000DB3C3A /* Release */,
			);
			defaultConfigurationIsVisible = 0;
			defaultConfigurationName = Release;
		};
		6028261D254C20D000DB3C3A /* Build configuration list for PBXNativeTarget "TASK-MovieApp" */ = {
			isa = XCConfigurationList;
			buildConfigurations = (
				6028261E254C20D000DB3C3A /* Debug */,
				6028261F254C20D000DB3C3A /* Release */,
			);
			defaultConfigurationIsVisible = 0;
			defaultConfigurationName = Release;
		};
/* End XCConfigurationList section */

/* Begin XCVersionGroup section */
		606FD8042552AF8B00F5FBFF /* TASK-MovieApp.xcdatamodeld */ = {
			isa = XCVersionGroup;
			children = (
				606FD8052552AF8B00F5FBFF /* MovieCoreDataModel.xcdatamodel */,
			);
			currentVersion = 606FD8052552AF8B00F5FBFF /* MovieCoreDataModel.xcdatamodel */;
			path = "TASK-MovieApp.xcdatamodeld";
			sourceTree = "<group>";
			versionGroupType = wrapper.xcdatamodel;
		};
/* End XCVersionGroup section */
	};
	rootObject = 60282601254C20CF00DB3C3A /* Project object */;
}
