// !$*UTF8*$!
{
	archiveVersion = 1;
	classes = {
	};
	objectVersion = 50;
	objects = {

/* Begin PBXBuildFile section */
		6028260D254C20CF00DB3C3A /* AppDelegate.swift in Sources */ = {isa = PBXBuildFile; fileRef = 6028260C254C20CF00DB3C3A /* AppDelegate.swift */; };
		60282616254C20D000DB3C3A /* Assets.xcassets in Resources */ = {isa = PBXBuildFile; fileRef = 60282615254C20D000DB3C3A /* Assets.xcassets */; };
		60282619254C20D000DB3C3A /* LaunchScreen.storyboard in Resources */ = {isa = PBXBuildFile; fileRef = 60282617254C20D000DB3C3A /* LaunchScreen.storyboard */; };
		60282649254C21CC00DB3C3A /* MovieJSON.swift in Sources */ = {isa = PBXBuildFile; fileRef = 60282626254C21CC00DB3C3A /* MovieJSON.swift */; };
		6028264A254C21CC00DB3C3A /* Dates.swift in Sources */ = {isa = PBXBuildFile; fileRef = 60282627254C21CC00DB3C3A /* Dates.swift */; };
		6028264B254C21CC00DB3C3A /* SpinnerView.swift in Sources */ = {isa = PBXBuildFile; fileRef = 60282629254C21CC00DB3C3A /* SpinnerView.swift */; };
		6028264C254C21CC00DB3C3A /* Extensions+ReusableView.swift in Sources */ = {isa = PBXBuildFile; fileRef = 6028262B254C21CC00DB3C3A /* Extensions+ReusableView.swift */; };
		6028264D254C21CC00DB3C3A /* Extensions+UITableView.swift in Sources */ = {isa = PBXBuildFile; fileRef = 6028262C254C21CC00DB3C3A /* Extensions+UITableView.swift */; };
		6028264E254C21CC00DB3C3A /* Extensions+UITableViewCell.swift in Sources */ = {isa = PBXBuildFile; fileRef = 6028262D254C21CC00DB3C3A /* Extensions+UITableViewCell.swift */; };
		6028264F254C21CC00DB3C3A /* Extensions+UIViewController.swift in Sources */ = {isa = PBXBuildFile; fileRef = 6028262E254C21CC00DB3C3A /* Extensions+UIViewController.swift */; };
		60282651254C21CC00DB3C3A /* Extensions+UIImage.swift in Sources */ = {isa = PBXBuildFile; fileRef = 60282630254C21CC00DB3C3A /* Extensions+UIImage.swift */; };
		60282652254C21CC00DB3C3A /* ReusableView.swift in Sources */ = {isa = PBXBuildFile; fileRef = 60282632254C21CC00DB3C3A /* ReusableView.swift */; };
		60282653254C21CC00DB3C3A /* ShadeGradientTopToBottomView.swift in Sources */ = {isa = PBXBuildFile; fileRef = 60282634254C21CC00DB3C3A /* ShadeGradientTopToBottomView.swift */; };
		60282654254C21CC00DB3C3A /* WatchedButton.swift in Sources */ = {isa = PBXBuildFile; fileRef = 60282635254C21CC00DB3C3A /* WatchedButton.swift */; };
		60282655254C21CC00DB3C3A /* ShadeGradientBottomToTop.swift in Sources */ = {isa = PBXBuildFile; fileRef = 60282636254C21CC00DB3C3A /* ShadeGradientBottomToTop.swift */; };
		60282656254C21CC00DB3C3A /* FavouriteButton.swift in Sources */ = {isa = PBXBuildFile; fileRef = 60282637254C21CC00DB3C3A /* FavouriteButton.swift */; };
		60282657254C21CC00DB3C3A /* MovieDetailViewController.swift in Sources */ = {isa = PBXBuildFile; fileRef = 6028263A254C21CC00DB3C3A /* MovieDetailViewController.swift */; };
		60282658254C21CC00DB3C3A /* MovieDetailQuoteCell.swift in Sources */ = {isa = PBXBuildFile; fileRef = 6028263C254C21CC00DB3C3A /* MovieDetailQuoteCell.swift */; };
		60282659254C21CC00DB3C3A /* MovieDetailTitleCell.swift in Sources */ = {isa = PBXBuildFile; fileRef = 6028263D254C21CC00DB3C3A /* MovieDetailTitleCell.swift */; };
		6028265A254C21CC00DB3C3A /* MovieDetailDescriptionCell.swift in Sources */ = {isa = PBXBuildFile; fileRef = 6028263E254C21CC00DB3C3A /* MovieDetailDescriptionCell.swift */; };
		6028265B254C21CC00DB3C3A /* MovieDetailImageCell.swift in Sources */ = {isa = PBXBuildFile; fileRef = 6028263F254C21CC00DB3C3A /* MovieDetailImageCell.swift */; };
		6028265C254C21CC00DB3C3A /* MovieDetailGenreCell.swift in Sources */ = {isa = PBXBuildFile; fileRef = 60282640254C21CC00DB3C3A /* MovieDetailGenreCell.swift */; };
		6028265D254C21CC00DB3C3A /* RowData.swift in Sources */ = {isa = PBXBuildFile; fileRef = 60282642254C21CC00DB3C3A /* RowData.swift */; };
		6028265E254C21CC00DB3C3A /* MovieFeedViewController.swift in Sources */ = {isa = PBXBuildFile; fileRef = 60282645254C21CC00DB3C3A /* MovieFeedViewController.swift */; };
		6028265F254C21CC00DB3C3A /* MovieFeedTableViewCell.swift in Sources */ = {isa = PBXBuildFile; fileRef = 60282647254C21CC00DB3C3A /* MovieFeedTableViewCell.swift */; };
		60282665254C22A000DB3C3A /* Constants.swift in Sources */ = {isa = PBXBuildFile; fileRef = 60282664254C22A000DB3C3A /* Constants.swift */; };
		60282670254C699D00DB3C3A /* Genre.swift in Sources */ = {isa = PBXBuildFile; fileRef = 6028266F254C699D00DB3C3A /* Genre.swift */; };
		6028267A254C830400DB3C3A /* MovieDetails.swift in Sources */ = {isa = PBXBuildFile; fileRef = 60282679254C830400DB3C3A /* MovieDetails.swift */; };
		60282686254C912800DB3C3A /* Movie.swift in Sources */ = {isa = PBXBuildFile; fileRef = 60282685254C912800DB3C3A /* Movie.swift */; };
		60A790DC25503CA0002F218F /* Extension+UIView.swift in Sources */ = {isa = PBXBuildFile; fileRef = 60A790DB25503CA0002F218F /* Extension+UIView.swift */; };
		60A790E125503EAC002F218F /* RowType.swift in Sources */ = {isa = PBXBuildFile; fileRef = 60A790E025503EAC002F218F /* RowType.swift */; };
/* End PBXBuildFile section */

/* Begin PBXFileReference section */
		60282609254C20CF00DB3C3A /* TASK-MovieApp.app */ = {isa = PBXFileReference; explicitFileType = wrapper.application; includeInIndex = 0; path = "TASK-MovieApp.app"; sourceTree = BUILT_PRODUCTS_DIR; };
		6028260C254C20CF00DB3C3A /* AppDelegate.swift */ = {isa = PBXFileReference; lastKnownFileType = sourcecode.swift; path = AppDelegate.swift; sourceTree = "<group>"; };
		60282615254C20D000DB3C3A /* Assets.xcassets */ = {isa = PBXFileReference; lastKnownFileType = folder.assetcatalog; path = Assets.xcassets; sourceTree = "<group>"; };
		60282618254C20D000DB3C3A /* Base */ = {isa = PBXFileReference; lastKnownFileType = file.storyboard; name = Base; path = Base.lproj/LaunchScreen.storyboard; sourceTree = "<group>"; };
		6028261A254C20D000DB3C3A /* Info.plist */ = {isa = PBXFileReference; lastKnownFileType = text.plist.xml; path = Info.plist; sourceTree = "<group>"; };
		60282626254C21CC00DB3C3A /* MovieJSON.swift */ = {isa = PBXFileReference; fileEncoding = 4; lastKnownFileType = sourcecode.swift; path = MovieJSON.swift; sourceTree = "<group>"; };
		60282627254C21CC00DB3C3A /* Dates.swift */ = {isa = PBXFileReference; fileEncoding = 4; lastKnownFileType = sourcecode.swift; name = Dates.swift; path = "TASK-MovieApp/Common/Data Model/Dates.swift"; sourceTree = SOURCE_ROOT; };
		60282629254C21CC00DB3C3A /* SpinnerView.swift */ = {isa = PBXFileReference; fileEncoding = 4; lastKnownFileType = sourcecode.swift; path = SpinnerView.swift; sourceTree = "<group>"; };
		6028262B254C21CC00DB3C3A /* Extensions+ReusableView.swift */ = {isa = PBXFileReference; fileEncoding = 4; lastKnownFileType = sourcecode.swift; path = "Extensions+ReusableView.swift"; sourceTree = "<group>"; };
		6028262C254C21CC00DB3C3A /* Extensions+UITableView.swift */ = {isa = PBXFileReference; fileEncoding = 4; lastKnownFileType = sourcecode.swift; path = "Extensions+UITableView.swift"; sourceTree = "<group>"; };
		6028262D254C21CC00DB3C3A /* Extensions+UITableViewCell.swift */ = {isa = PBXFileReference; fileEncoding = 4; lastKnownFileType = sourcecode.swift; path = "Extensions+UITableViewCell.swift"; sourceTree = "<group>"; };
		6028262E254C21CC00DB3C3A /* Extensions+UIViewController.swift */ = {isa = PBXFileReference; fileEncoding = 4; lastKnownFileType = sourcecode.swift; path = "Extensions+UIViewController.swift"; sourceTree = "<group>"; };
		60282630254C21CC00DB3C3A /* Extensions+UIImage.swift */ = {isa = PBXFileReference; fileEncoding = 4; lastKnownFileType = sourcecode.swift; path = "Extensions+UIImage.swift"; sourceTree = "<group>"; };
		60282632254C21CC00DB3C3A /* ReusableView.swift */ = {isa = PBXFileReference; fileEncoding = 4; lastKnownFileType = sourcecode.swift; path = ReusableView.swift; sourceTree = "<group>"; };
		60282634254C21CC00DB3C3A /* ShadeGradientTopToBottomView.swift */ = {isa = PBXFileReference; fileEncoding = 4; lastKnownFileType = sourcecode.swift; path = ShadeGradientTopToBottomView.swift; sourceTree = "<group>"; };
		60282635254C21CC00DB3C3A /* WatchedButton.swift */ = {isa = PBXFileReference; fileEncoding = 4; lastKnownFileType = sourcecode.swift; path = WatchedButton.swift; sourceTree = "<group>"; };
		60282636254C21CC00DB3C3A /* ShadeGradientBottomToTop.swift */ = {isa = PBXFileReference; fileEncoding = 4; lastKnownFileType = sourcecode.swift; path = ShadeGradientBottomToTop.swift; sourceTree = "<group>"; };
		60282637254C21CC00DB3C3A /* FavouriteButton.swift */ = {isa = PBXFileReference; fileEncoding = 4; lastKnownFileType = sourcecode.swift; path = FavouriteButton.swift; sourceTree = "<group>"; };
		6028263A254C21CC00DB3C3A /* MovieDetailViewController.swift */ = {isa = PBXFileReference; fileEncoding = 4; lastKnownFileType = sourcecode.swift; path = MovieDetailViewController.swift; sourceTree = "<group>"; };
		6028263C254C21CC00DB3C3A /* MovieDetailQuoteCell.swift */ = {isa = PBXFileReference; fileEncoding = 4; lastKnownFileType = sourcecode.swift; path = MovieDetailQuoteCell.swift; sourceTree = "<group>"; };
		6028263D254C21CC00DB3C3A /* MovieDetailTitleCell.swift */ = {isa = PBXFileReference; fileEncoding = 4; lastKnownFileType = sourcecode.swift; path = MovieDetailTitleCell.swift; sourceTree = "<group>"; };
		6028263E254C21CC00DB3C3A /* MovieDetailDescriptionCell.swift */ = {isa = PBXFileReference; fileEncoding = 4; lastKnownFileType = sourcecode.swift; path = MovieDetailDescriptionCell.swift; sourceTree = "<group>"; };
		6028263F254C21CC00DB3C3A /* MovieDetailImageCell.swift */ = {isa = PBXFileReference; fileEncoding = 4; lastKnownFileType = sourcecode.swift; path = MovieDetailImageCell.swift; sourceTree = "<group>"; };
		60282640254C21CC00DB3C3A /* MovieDetailGenreCell.swift */ = {isa = PBXFileReference; fileEncoding = 4; lastKnownFileType = sourcecode.swift; path = MovieDetailGenreCell.swift; sourceTree = "<group>"; };
		60282642254C21CC00DB3C3A /* RowData.swift */ = {isa = PBXFileReference; fileEncoding = 4; lastKnownFileType = sourcecode.swift; name = RowData.swift; path = "TASK-MovieApp/MovieDetailScreen/Data Model/RowData.swift"; sourceTree = SOURCE_ROOT; };
		60282645254C21CC00DB3C3A /* MovieFeedViewController.swift */ = {isa = PBXFileReference; fileEncoding = 4; lastKnownFileType = sourcecode.swift; path = MovieFeedViewController.swift; sourceTree = "<group>"; };
		60282647254C21CC00DB3C3A /* MovieFeedTableViewCell.swift */ = {isa = PBXFileReference; fileEncoding = 4; lastKnownFileType = sourcecode.swift; path = MovieFeedTableViewCell.swift; sourceTree = "<group>"; };
		60282664254C22A000DB3C3A /* Constants.swift */ = {isa = PBXFileReference; lastKnownFileType = sourcecode.swift; path = Constants.swift; sourceTree = "<group>"; };
		6028266F254C699D00DB3C3A /* Genre.swift */ = {isa = PBXFileReference; lastKnownFileType = sourcecode.swift; name = Genre.swift; path = "TASK-MovieApp/Common/Data Model/Genre.swift"; sourceTree = SOURCE_ROOT; };
		60282679254C830400DB3C3A /* MovieDetails.swift */ = {isa = PBXFileReference; lastKnownFileType = sourcecode.swift; name = MovieDetails.swift; path = "TASK-MovieApp/MovieDetailScreen/Data Model/MovieDetails.swift"; sourceTree = SOURCE_ROOT; };
		60282685254C912800DB3C3A /* Movie.swift */ = {isa = PBXFileReference; lastKnownFileType = sourcecode.swift; path = Movie.swift; sourceTree = "<group>"; };
		60A790DB25503CA0002F218F /* Extension+UIView.swift */ = {isa = PBXFileReference; fileEncoding = 4; lastKnownFileType = sourcecode.swift; name = "Extension+UIView.swift"; path = "TASK-MovieApp/Common/Extensions/Extension+UIView.swift"; sourceTree = SOURCE_ROOT; };
		60A790E025503EAC002F218F /* RowType.swift */ = {isa = PBXFileReference; lastKnownFileType = sourcecode.swift; path = RowType.swift; sourceTree = "<group>"; };
/* End PBXFileReference section */

/* Begin PBXFrameworksBuildPhase section */
		60282606254C20CF00DB3C3A /* Frameworks */ = {
			isa = PBXFrameworksBuildPhase;
			buildActionMask = 2147483647;
			files = (
			);
			runOnlyForDeploymentPostprocessing = 0;
		};
/* End PBXFrameworksBuildPhase section */

/* Begin PBXGroup section */
		60282600254C20CF00DB3C3A = {
			isa = PBXGroup;
			children = (
				6028260B254C20CF00DB3C3A /* TASK-MovieApp */,
				6028260A254C20CF00DB3C3A /* Products */,
			);
			sourceTree = "<group>";
		};
		6028260A254C20CF00DB3C3A /* Products */ = {
			isa = PBXGroup;
			children = (
				60282609254C20CF00DB3C3A /* TASK-MovieApp.app */,
			);
			name = Products;
			sourceTree = "<group>";
		};
		6028260B254C20CF00DB3C3A /* TASK-MovieApp */ = {
			isa = PBXGroup;
			children = (
				60282643254C21CC00DB3C3A /* MovieFeedScreen */,
				60282638254C21CC00DB3C3A /* MovieDetailScreen */,
				60282623254C21CC00DB3C3A /* Common */,
				60282661254C21D400DB3C3A /* Support */,
			);
			path = "TASK-MovieApp";
			sourceTree = "<group>";
		};
		60282623254C21CC00DB3C3A /* Common */ = {
			isa = PBXGroup;
			children = (
				60282664254C22A000DB3C3A /* Constants.swift */,
				6028267D254C837300DB3C3A /* Data Model */,
				60282628254C21CC00DB3C3A /* Loading */,
				6028262A254C21CC00DB3C3A /* Extensions */,
				60282631254C21CC00DB3C3A /* Protocols */,
				60282633254C21CC00DB3C3A /* Custom Views */,
			);
			path = Common;
			sourceTree = "<group>";
		};
		60282628254C21CC00DB3C3A /* Loading */ = {
			isa = PBXGroup;
			children = (
				60282629254C21CC00DB3C3A /* SpinnerView.swift */,
			);
			path = Loading;
			sourceTree = "<group>";
		};
		6028262A254C21CC00DB3C3A /* Extensions */ = {
			isa = PBXGroup;
			children = (
				60A790DB25503CA0002F218F /* Extension+UIView.swift */,
				6028262B254C21CC00DB3C3A /* Extensions+ReusableView.swift */,
				6028262C254C21CC00DB3C3A /* Extensions+UITableView.swift */,
				6028262D254C21CC00DB3C3A /* Extensions+UITableViewCell.swift */,
				6028262E254C21CC00DB3C3A /* Extensions+UIViewController.swift */,
				60282630254C21CC00DB3C3A /* Extensions+UIImage.swift */,
			);
			path = Extensions;
			sourceTree = "<group>";
		};
		60282631254C21CC00DB3C3A /* Protocols */ = {
			isa = PBXGroup;
			children = (
				60282632254C21CC00DB3C3A /* ReusableView.swift */,
			);
			path = Protocols;
			sourceTree = "<group>";
		};
		60282633254C21CC00DB3C3A /* Custom Views */ = {
			isa = PBXGroup;
			children = (
				60282634254C21CC00DB3C3A /* ShadeGradientTopToBottomView.swift */,
				60282635254C21CC00DB3C3A /* WatchedButton.swift */,
				60282636254C21CC00DB3C3A /* ShadeGradientBottomToTop.swift */,
				60282637254C21CC00DB3C3A /* FavouriteButton.swift */,
			);
			path = "Custom Views";
			sourceTree = "<group>";
		};
		60282638254C21CC00DB3C3A /* MovieDetailScreen */ = {
			isa = PBXGroup;
			children = (
				60282678254C82DC00DB3C3A /* Data Model */,
				60282639254C21CC00DB3C3A /* Controller */,
				6028263B254C21CC00DB3C3A /* Cell */,
			);
			path = MovieDetailScreen;
			sourceTree = "<group>";
		};
		60282639254C21CC00DB3C3A /* Controller */ = {
			isa = PBXGroup;
			children = (
				6028263A254C21CC00DB3C3A /* MovieDetailViewController.swift */,
			);
			path = Controller;
			sourceTree = "<group>";
		};
		6028263B254C21CC00DB3C3A /* Cell */ = {
			isa = PBXGroup;
			children = (
				6028263F254C21CC00DB3C3A /* MovieDetailImageCell.swift */,
				6028263D254C21CC00DB3C3A /* MovieDetailTitleCell.swift */,
				60282640254C21CC00DB3C3A /* MovieDetailGenreCell.swift */,
				6028263C254C21CC00DB3C3A /* MovieDetailQuoteCell.swift */,
				6028263E254C21CC00DB3C3A /* MovieDetailDescriptionCell.swift */,
			);
			path = Cell;
			sourceTree = "<group>";
		};
		60282643254C21CC00DB3C3A /* MovieFeedScreen */ = {
			isa = PBXGroup;
			children = (
				6028266E254C695700DB3C3A /* Data Model */,
				60282644254C21CC00DB3C3A /* Controller */,
				60282646254C21CC00DB3C3A /* Cell */,
			);
			path = MovieFeedScreen;
			sourceTree = "<group>";
		};
		60282644254C21CC00DB3C3A /* Controller */ = {
			isa = PBXGroup;
			children = (
				60282645254C21CC00DB3C3A /* MovieFeedViewController.swift */,
			);
			path = Controller;
			sourceTree = "<group>";
		};
		60282646254C21CC00DB3C3A /* Cell */ = {
			isa = PBXGroup;
			children = (
				60282647254C21CC00DB3C3A /* MovieFeedTableViewCell.swift */,
			);
			path = Cell;
			sourceTree = "<group>";
		};
		60282661254C21D400DB3C3A /* Support */ = {
			isa = PBXGroup;
			children = (
				6028260C254C20CF00DB3C3A /* AppDelegate.swift */,
				60282615254C20D000DB3C3A /* Assets.xcassets */,
				60282617254C20D000DB3C3A /* LaunchScreen.storyboard */,
				6028261A254C20D000DB3C3A /* Info.plist */,
			);
			path = Support;
			sourceTree = "<group>";
		};
		6028266E254C695700DB3C3A /* Data Model */ = {
			isa = PBXGroup;
			children = (
				60282626254C21CC00DB3C3A /* MovieJSON.swift */,
				60282685254C912800DB3C3A /* Movie.swift */,
			);
			path = "Data Model";
			sourceTree = "<group>";
		};
		60282678254C82DC00DB3C3A /* Data Model */ = {
			isa = PBXGroup;
			children = (
				60282642254C21CC00DB3C3A /* RowData.swift */,
				60282679254C830400DB3C3A /* MovieDetails.swift */,
				60A790E025503EAC002F218F /* RowType.swift */,
			);
			path = "Data Model";
			sourceTree = "<group>";
		};
		6028267D254C837300DB3C3A /* Data Model */ = {
			isa = PBXGroup;
			children = (
				60282627254C21CC00DB3C3A /* Dates.swift */,
				6028266F254C699D00DB3C3A /* Genre.swift */,
			);
			path = "Data Model";
			sourceTree = "<group>";
		};
/* End PBXGroup section */

/* Begin PBXNativeTarget section */
		60282608254C20CF00DB3C3A /* TASK-MovieApp */ = {
			isa = PBXNativeTarget;
			buildConfigurationList = 6028261D254C20D000DB3C3A /* Build configuration list for PBXNativeTarget "TASK-MovieApp" */;
			buildPhases = (
				60282605254C20CF00DB3C3A /* Sources */,
				60282606254C20CF00DB3C3A /* Frameworks */,
				60282607254C20CF00DB3C3A /* Resources */,
			);
			buildRules = (
			);
			dependencies = (
			);
			name = "TASK-MovieApp";
			productName = "TASK-MovieApp";
			productReference = 60282609254C20CF00DB3C3A /* TASK-MovieApp.app */;
			productType = "com.apple.product-type.application";
		};
/* End PBXNativeTarget section */

/* Begin PBXProject section */
		60282601254C20CF00DB3C3A /* Project object */ = {
			isa = PBXProject;
			attributes = {
				LastSwiftUpdateCheck = 1210;
				LastUpgradeCheck = 1210;
				TargetAttributes = {
					60282608254C20CF00DB3C3A = {
						CreatedOnToolsVersion = 12.1;
					};
				};
			};
			buildConfigurationList = 60282604254C20CF00DB3C3A /* Build configuration list for PBXProject "TASK-MovieApp" */;
			compatibilityVersion = "Xcode 9.3";
			developmentRegion = en;
			hasScannedForEncodings = 0;
			knownRegions = (
				en,
				Base,
			);
			mainGroup = 60282600254C20CF00DB3C3A;
			productRefGroup = 6028260A254C20CF00DB3C3A /* Products */;
			projectDirPath = "";
			projectRoot = "";
			targets = (
				60282608254C20CF00DB3C3A /* TASK-MovieApp */,
			);
		};
/* End PBXProject section */

/* Begin PBXResourcesBuildPhase section */
		60282607254C20CF00DB3C3A /* Resources */ = {
			isa = PBXResourcesBuildPhase;
			buildActionMask = 2147483647;
			files = (
				60282619254C20D000DB3C3A /* LaunchScreen.storyboard in Resources */,
				60282616254C20D000DB3C3A /* Assets.xcassets in Resources */,
			);
			runOnlyForDeploymentPostprocessing = 0;
		};
/* End PBXResourcesBuildPhase section */

/* Begin PBXSourcesBuildPhase section */
		60282605254C20CF00DB3C3A /* Sources */ = {
			isa = PBXSourcesBuildPhase;
			buildActionMask = 2147483647;
			files = (
				6028264A254C21CC00DB3C3A /* Dates.swift in Sources */,
				6028265F254C21CC00DB3C3A /* MovieFeedTableViewCell.swift in Sources */,
				6028264F254C21CC00DB3C3A /* Extensions+UIViewController.swift in Sources */,
				60282658254C21CC00DB3C3A /* MovieDetailQuoteCell.swift in Sources */,
				60282651254C21CC00DB3C3A /* Extensions+UIImage.swift in Sources */,
				60A790DC25503CA0002F218F /* Extension+UIView.swift in Sources */,
				60282656254C21CC00DB3C3A /* FavouriteButton.swift in Sources */,
				60282665254C22A000DB3C3A /* Constants.swift in Sources */,
				60A790E125503EAC002F218F /* RowType.swift in Sources */,
				6028265E254C21CC00DB3C3A /* MovieFeedViewController.swift in Sources */,
				6028260D254C20CF00DB3C3A /* AppDelegate.swift in Sources */,
				6028264E254C21CC00DB3C3A /* Extensions+UITableViewCell.swift in Sources */,
				60282655254C21CC00DB3C3A /* ShadeGradientBottomToTop.swift in Sources */,
				6028265D254C21CC00DB3C3A /* RowData.swift in Sources */,
				60282652254C21CC00DB3C3A /* ReusableView.swift in Sources */,
				60282686254C912800DB3C3A /* Movie.swift in Sources */,
				6028264D254C21CC00DB3C3A /* Extensions+UITableView.swift in Sources */,
				6028267A254C830400DB3C3A /* MovieDetails.swift in Sources */,
				6028264C254C21CC00DB3C3A /* Extensions+ReusableView.swift in Sources */,
				6028265A254C21CC00DB3C3A /* MovieDetailDescriptionCell.swift in Sources */,
				6028265C254C21CC00DB3C3A /* MovieDetailGenreCell.swift in Sources */,
				60282649254C21CC00DB3C3A /* MovieJSON.swift in Sources */,
				60282659254C21CC00DB3C3A /* MovieDetailTitleCell.swift in Sources */,
				6028264B254C21CC00DB3C3A /* SpinnerView.swift in Sources */,
				60282653254C21CC00DB3C3A /* ShadeGradientTopToBottomView.swift in Sources */,
				60282657254C21CC00DB3C3A /* MovieDetailViewController.swift in Sources */,
				60282654254C21CC00DB3C3A /* WatchedButton.swift in Sources */,
				6028265B254C21CC00DB3C3A /* MovieDetailImageCell.swift in Sources */,
				60282670254C699D00DB3C3A /* Genre.swift in Sources */,
			);
			runOnlyForDeploymentPostprocessing = 0;
		};
/* End PBXSourcesBuildPhase section */

/* Begin PBXVariantGroup section */
		60282617254C20D000DB3C3A /* LaunchScreen.storyboard */ = {
			isa = PBXVariantGroup;
			children = (
				60282618254C20D000DB3C3A /* Base */,
			);
			name = LaunchScreen.storyboard;
			sourceTree = "<group>";
		};
/* End PBXVariantGroup section */

/* Begin XCBuildConfiguration section */
		6028261B254C20D000DB3C3A /* Debug */ = {
			isa = XCBuildConfiguration;
			buildSettings = {
				ALWAYS_SEARCH_USER_PATHS = NO;
				CLANG_ANALYZER_NONNULL = YES;
				CLANG_ANALYZER_NUMBER_OBJECT_CONVERSION = YES_AGGRESSIVE;
				CLANG_CXX_LANGUAGE_STANDARD = "gnu++14";
				CLANG_CXX_LIBRARY = "libc++";
				CLANG_ENABLE_MODULES = YES;
				CLANG_ENABLE_OBJC_ARC = YES;
				CLANG_ENABLE_OBJC_WEAK = YES;
				CLANG_WARN_BLOCK_CAPTURE_AUTORELEASING = YES;
				CLANG_WARN_BOOL_CONVERSION = YES;
				CLANG_WARN_COMMA = YES;
				CLANG_WARN_CONSTANT_CONVERSION = YES;
				CLANG_WARN_DEPRECATED_OBJC_IMPLEMENTATIONS = YES;
				CLANG_WARN_DIRECT_OBJC_ISA_USAGE = YES_ERROR;
				CLANG_WARN_DOCUMENTATION_COMMENTS = YES;
				CLANG_WARN_EMPTY_BODY = YES;
				CLANG_WARN_ENUM_CONVERSION = YES;
				CLANG_WARN_INFINITE_RECURSION = YES;
				CLANG_WARN_INT_CONVERSION = YES;
				CLANG_WARN_NON_LITERAL_NULL_CONVERSION = YES;
				CLANG_WARN_OBJC_IMPLICIT_RETAIN_SELF = YES;
				CLANG_WARN_OBJC_LITERAL_CONVERSION = YES;
				CLANG_WARN_OBJC_ROOT_CLASS = YES_ERROR;
				CLANG_WARN_QUOTED_INCLUDE_IN_FRAMEWORK_HEADER = YES;
				CLANG_WARN_RANGE_LOOP_ANALYSIS = YES;
				CLANG_WARN_STRICT_PROTOTYPES = YES;
				CLANG_WARN_SUSPICIOUS_MOVE = YES;
				CLANG_WARN_UNGUARDED_AVAILABILITY = YES_AGGRESSIVE;
				CLANG_WARN_UNREACHABLE_CODE = YES;
				CLANG_WARN__DUPLICATE_METHOD_MATCH = YES;
				COPY_PHASE_STRIP = NO;
				DEBUG_INFORMATION_FORMAT = dwarf;
				ENABLE_STRICT_OBJC_MSGSEND = YES;
				ENABLE_TESTABILITY = YES;
				GCC_C_LANGUAGE_STANDARD = gnu11;
				GCC_DYNAMIC_NO_PIC = NO;
				GCC_NO_COMMON_BLOCKS = YES;
				GCC_OPTIMIZATION_LEVEL = 0;
				GCC_PREPROCESSOR_DEFINITIONS = (
					"DEBUG=1",
					"$(inherited)",
				);
				GCC_WARN_64_TO_32_BIT_CONVERSION = YES;
				GCC_WARN_ABOUT_RETURN_TYPE = YES_ERROR;
				GCC_WARN_UNDECLARED_SELECTOR = YES;
				GCC_WARN_UNINITIALIZED_AUTOS = YES_AGGRESSIVE;
				GCC_WARN_UNUSED_FUNCTION = YES;
				GCC_WARN_UNUSED_VARIABLE = YES;
				IPHONEOS_DEPLOYMENT_TARGET = 14.1;
				MTL_ENABLE_DEBUG_INFO = INCLUDE_SOURCE;
				MTL_FAST_MATH = YES;
				ONLY_ACTIVE_ARCH = YES;
				SDKROOT = iphoneos;
				SWIFT_ACTIVE_COMPILATION_CONDITIONS = DEBUG;
				SWIFT_OPTIMIZATION_LEVEL = "-Onone";
			};
			name = Debug;
		};
		6028261C254C20D000DB3C3A /* Release */ = {
			isa = XCBuildConfiguration;
			buildSettings = {
				ALWAYS_SEARCH_USER_PATHS = NO;
				CLANG_ANALYZER_NONNULL = YES;
				CLANG_ANALYZER_NUMBER_OBJECT_CONVERSION = YES_AGGRESSIVE;
				CLANG_CXX_LANGUAGE_STANDARD = "gnu++14";
				CLANG_CXX_LIBRARY = "libc++";
				CLANG_ENABLE_MODULES = YES;
				CLANG_ENABLE_OBJC_ARC = YES;
				CLANG_ENABLE_OBJC_WEAK = YES;
				CLANG_WARN_BLOCK_CAPTURE_AUTORELEASING = YES;
				CLANG_WARN_BOOL_CONVERSION = YES;
				CLANG_WARN_COMMA = YES;
				CLANG_WARN_CONSTANT_CONVERSION = YES;
				CLANG_WARN_DEPRECATED_OBJC_IMPLEMENTATIONS = YES;
				CLANG_WARN_DIRECT_OBJC_ISA_USAGE = YES_ERROR;
				CLANG_WARN_DOCUMENTATION_COMMENTS = YES;
				CLANG_WARN_EMPTY_BODY = YES;
				CLANG_WARN_ENUM_CONVERSION = YES;
				CLANG_WARN_INFINITE_RECURSION = YES;
				CLANG_WARN_INT_CONVERSION = YES;
				CLANG_WARN_NON_LITERAL_NULL_CONVERSION = YES;
				CLANG_WARN_OBJC_IMPLICIT_RETAIN_SELF = YES;
				CLANG_WARN_OBJC_LITERAL_CONVERSION = YES;
				CLANG_WARN_OBJC_ROOT_CLASS = YES_ERROR;
				CLANG_WARN_QUOTED_INCLUDE_IN_FRAMEWORK_HEADER = YES;
				CLANG_WARN_RANGE_LOOP_ANALYSIS = YES;
				CLANG_WARN_STRICT_PROTOTYPES = YES;
				CLANG_WARN_SUSPICIOUS_MOVE = YES;
				CLANG_WARN_UNGUARDED_AVAILABILITY = YES_AGGRESSIVE;
				CLANG_WARN_UNREACHABLE_CODE = YES;
				CLANG_WARN__DUPLICATE_METHOD_MATCH = YES;
				COPY_PHASE_STRIP = NO;
				DEBUG_INFORMATION_FORMAT = "dwarf-with-dsym";
				ENABLE_NS_ASSERTIONS = NO;
				ENABLE_STRICT_OBJC_MSGSEND = YES;
				GCC_C_LANGUAGE_STANDARD = gnu11;
				GCC_NO_COMMON_BLOCKS = YES;
				GCC_WARN_64_TO_32_BIT_CONVERSION = YES;
				GCC_WARN_ABOUT_RETURN_TYPE = YES_ERROR;
				GCC_WARN_UNDECLARED_SELECTOR = YES;
				GCC_WARN_UNINITIALIZED_AUTOS = YES_AGGRESSIVE;
				GCC_WARN_UNUSED_FUNCTION = YES;
				GCC_WARN_UNUSED_VARIABLE = YES;
				IPHONEOS_DEPLOYMENT_TARGET = 14.1;
				MTL_ENABLE_DEBUG_INFO = NO;
				MTL_FAST_MATH = YES;
				SDKROOT = iphoneos;
				SWIFT_COMPILATION_MODE = wholemodule;
				SWIFT_OPTIMIZATION_LEVEL = "-O";
				VALIDATE_PRODUCT = YES;
			};
			name = Release;
		};
		6028261E254C20D000DB3C3A /* Debug */ = {
			isa = XCBuildConfiguration;
			buildSettings = {
				ASSETCATALOG_COMPILER_APPICON_NAME = AppIcon;
				ASSETCATALOG_COMPILER_GLOBAL_ACCENT_COLOR_NAME = AccentColor;
				CODE_SIGN_STYLE = Automatic;
				INFOPLIST_FILE = "/Users/tomislavgelesic/Desktop/TASK-MovieApp/TASK-MovieApp/Support/Info.plist";
				LD_RUNPATH_SEARCH_PATHS = (
					"$(inherited)",
					"@executable_path/Frameworks",
				);
				PRODUCT_BUNDLE_IDENTIFIER = "com.example.TASK-MovieApp";
				PRODUCT_NAME = "$(TARGET_NAME)";
				SWIFT_VERSION = 5.0;
				TARGETED_DEVICE_FAMILY = "1,2";
			};
			name = Debug;
		};
		6028261F254C20D000DB3C3A /* Release */ = {
			isa = XCBuildConfiguration;
			buildSettings = {
				ASSETCATALOG_COMPILER_APPICON_NAME = AppIcon;
				ASSETCATALOG_COMPILER_GLOBAL_ACCENT_COLOR_NAME = AccentColor;
				CODE_SIGN_STYLE = Automatic;
				INFOPLIST_FILE = "/Users/tomislavgelesic/Desktop/TASK-MovieApp/TASK-MovieApp/Support/Info.plist";
				LD_RUNPATH_SEARCH_PATHS = (
					"$(inherited)",
					"@executable_path/Frameworks",
				);
				PRODUCT_BUNDLE_IDENTIFIER = "com.example.TASK-MovieApp";
				PRODUCT_NAME = "$(TARGET_NAME)";
				SWIFT_VERSION = 5.0;
				TARGETED_DEVICE_FAMILY = "1,2";
			};
			name = Release;
		};
/* End XCBuildConfiguration section */

/* Begin XCConfigurationList section */
		60282604254C20CF00DB3C3A /* Build configuration list for PBXProject "TASK-MovieApp" */ = {
			isa = XCConfigurationList;
			buildConfigurations = (
				6028261B254C20D000DB3C3A /* Debug */,
				6028261C254C20D000DB3C3A /* Release */,
			);
			defaultConfigurationIsVisible = 0;
			defaultConfigurationName = Release;
		};
		6028261D254C20D000DB3C3A /* Build configuration list for PBXNativeTarget "TASK-MovieApp" */ = {
			isa = XCConfigurationList;
			buildConfigurations = (
				6028261E254C20D000DB3C3A /* Debug */,
				6028261F254C20D000DB3C3A /* Release */,
			);
			defaultConfigurationIsVisible = 0;
			defaultConfigurationName = Release;
		};
/* End XCConfigurationList section */
	};
	rootObject = 60282601254C20CF00DB3C3A /* Project object */;
}
